// !$*UTF8*$!
{
	archiveVersion = 1;
	classes = {
	};
	objectVersion = 51;
	objects = {

/* Begin PBXBuildFile section */
		04124976E20B30E0B9800C06 /* WorksIndexViewController.xib in Resources */ = {isa = PBXBuildFile; fileRef = 4E6D2DC44D41E3C29A1A9D60 /* WorksIndexViewController.xib */; };
		0CB12499E29231598447E761 /* UIView+Ex.swift in Sources */ = {isa = PBXBuildFile; fileRef = E7B1C7A53952B0EE494E13BC /* UIView+Ex.swift */; };
		1B7B5281B1B0537FDE023AF6 /* WorksIndexViewController.swift in Sources */ = {isa = PBXBuildFile; fileRef = D113CA344C2D09BC92F03916 /* WorksIndexViewController.swift */; };
		35F6875D07D551BF5FEDBF67 /* WorksIndexTabViewController.swift in Sources */ = {isa = PBXBuildFile; fileRef = 2030DE2ECEE6CDA338BB9C9E /* WorksIndexTabViewController.swift */; };
		39D52275EEDCE24DCE5CA64C /* APIClient.swift in Sources */ = {isa = PBXBuildFile; fileRef = 275E10E3AB5F6200A8B83176 /* APIClient.swift */; };
		3C539B235EB692981E08F458 /* WorksIndexTabViewController.xib in Resources */ = {isa = PBXBuildFile; fileRef = F07218BA810C26CA4FB1D8CB /* WorksIndexTabViewController.xib */; };
		451B1DE05AF25FB07CDBB390 /* UICollectionViewCell+Ex.swift in Sources */ = {isa = PBXBuildFile; fileRef = 35D696C1ECEDC910E28CE577 /* UICollectionViewCell+Ex.swift */; };
		46994B86A114995CF4CB2674 /* AnnictDataRepository.swift in Sources */ = {isa = PBXBuildFile; fileRef = B0E25576FAB23E938A04FF30 /* AnnictDataRepository.swift */; };
		5328CFF2C54225C65A21AD66 /* Pods_Colombia_ColombiaUITests.framework in Frameworks */ = {isa = PBXBuildFile; fileRef = C4CDD6E7A07E31C386AC959C /* Pods_Colombia_ColombiaUITests.framework */; };
		62905DF18C18B20E0D2A97E9 /* Requestable.swift in Sources */ = {isa = PBXBuildFile; fileRef = 7336B3FCA1151D6492C4466C /* Requestable.swift */; };
		64C983F19839E215D356C6BE /* ColombiaUITests.swift in Sources */ = {isa = PBXBuildFile; fileRef = D06E6B1E08178BD0D6137DAB /* ColombiaUITests.swift */; };
		6FE9BBC94BADAA107DDC08AE /* SceneDelegate.swift in Sources */ = {isa = PBXBuildFile; fileRef = CDB237A6B3873EB2780E3A7C /* SceneDelegate.swift */; };
		9E0FA65E39025A653C05F220 /* ColombiaTests.swift in Sources */ = {isa = PBXBuildFile; fileRef = 17837F9BC07E9A7D5AE47417 /* ColombiaTests.swift */; };
		9E6E5ED21499669CF61B5E57 /* Pods_ColombiaTests.framework in Frameworks */ = {isa = PBXBuildFile; fileRef = A547CA2383FF2B3A1F0C8CEF /* Pods_ColombiaTests.framework */; };
		A6C697FBA5FD65B69D31CF68 /* Assets.xcassets in Resources */ = {isa = PBXBuildFile; fileRef = F7343BA35EAD1E0B36ACB2BE /* Assets.xcassets */; };
		AADFD8BB21554BDD665AC39A /* AppDelegate.swift in Sources */ = {isa = PBXBuildFile; fileRef = D64E1E590A313CEDA3D5BF9E /* AppDelegate.swift */; };
		AD0B62603191B1C92652C9F7 /* LaunchScreen.storyboard in Resources */ = {isa = PBXBuildFile; fileRef = 36DE0DE81151A17E5A38B599 /* LaunchScreen.storyboard */; };
		ADA3264917C43C47205E9178 /* ImageView+Ex.swift in Sources */ = {isa = PBXBuildFile; fileRef = 45EF2764903D6EC75DEFA5D9 /* ImageView+Ex.swift */; };
		AE80A294F9840FD91ED1F37F /* WorksIndexCollectionViewCell.xib in Resources */ = {isa = PBXBuildFile; fileRef = 07AC1B0338921FF8AE17E7C9 /* WorksIndexCollectionViewCell.xib */; };
		B2F29FA3751F0F98D7BCD0C2 /* AnnictAPIModel.swift in Sources */ = {isa = PBXBuildFile; fileRef = D14054AA047AFD4E6246B5A8 /* AnnictAPIModel.swift */; };
		CB6780D2C1B25F6BC397EADE /* WorksDetailViewController.xib in Resources */ = {isa = PBXBuildFile; fileRef = C358862FBF6EFF7C92D38999 /* WorksDetailViewController.xib */; };
		CDABCE018671DF25C146CA79 /* WorksIndexCollectionViewCell.swift in Sources */ = {isa = PBXBuildFile; fileRef = D704B0346EFF7E7731B0F38F /* WorksIndexCollectionViewCell.swift */; };
		D706E43B25E6A5AC00E0D481 /* WorksIndexModel.swift in Sources */ = {isa = PBXBuildFile; fileRef = D706E43A25E6A5AC00E0D481 /* WorksIndexModel.swift */; };
		D713E80D25E484B300AF7BD7 /* AccessToken.plist in Resources */ = {isa = PBXBuildFile; fileRef = D713E80C25E484B300AF7BD7 /* AccessToken.plist */; };
		D764EF3525E7446100C99AE7 /* FavoriteWorksIndexViewController.swift in Sources */ = {isa = PBXBuildFile; fileRef = D764EF3325E7446100C99AE7 /* FavoriteWorksIndexViewController.swift */; };
		D764EF3625E7446100C99AE7 /* FavoriteWorksIndexViewController.xib in Resources */ = {isa = PBXBuildFile; fileRef = D764EF3425E7446100C99AE7 /* FavoriteWorksIndexViewController.xib */; };
		DF4451E8B5C1F2269E5A2D77 /* WorksDetailViewController.swift in Sources */ = {isa = PBXBuildFile; fileRef = 122328F6847C301AFEB9108A /* WorksDetailViewController.swift */; };
		EB0C10E1340ED0428438DFBA /* AnnictAPIRequest.swift in Sources */ = {isa = PBXBuildFile; fileRef = 0D7E57FF9AF3188723769471 /* AnnictAPIRequest.swift */; };
		EE0F45C5F4F397B5D5875BC0 /* Pods_Colombia.framework in Frameworks */ = {isa = PBXBuildFile; fileRef = FCCD7DE828F7610026998E15 /* Pods_Colombia.framework */; };
/* End PBXBuildFile section */

/* Begin PBXContainerItemProxy section */
		27D35BC11C7AF80D028CF591 /* PBXContainerItemProxy */ = {
			isa = PBXContainerItemProxy;
			containerPortal = 79009183713619377EBA9317 /* Project object */;
			proxyType = 1;
			remoteGlobalIDString = E4ABF31FF1B871BB9E9CD104;
			remoteInfo = Colombia;
		};
		E306B11D179539BD461C8CC2 /* PBXContainerItemProxy */ = {
			isa = PBXContainerItemProxy;
			containerPortal = 79009183713619377EBA9317 /* Project object */;
			proxyType = 1;
			remoteGlobalIDString = E4ABF31FF1B871BB9E9CD104;
			remoteInfo = Colombia;
		};
/* End PBXContainerItemProxy section */

/* Begin PBXFileReference section */
		07AC1B0338921FF8AE17E7C9 /* WorksIndexCollectionViewCell.xib */ = {isa = PBXFileReference; lastKnownFileType = file.xib; path = WorksIndexCollectionViewCell.xib; sourceTree = "<group>"; };
		0AB139C13B99AB2627FB1EAB /* Info.plist */ = {isa = PBXFileReference; lastKnownFileType = text.plist; path = Info.plist; sourceTree = "<group>"; };
		0D7E57FF9AF3188723769471 /* AnnictAPIRequest.swift */ = {isa = PBXFileReference; lastKnownFileType = sourcecode.swift; path = AnnictAPIRequest.swift; sourceTree = "<group>"; };
		122328F6847C301AFEB9108A /* WorksDetailViewController.swift */ = {isa = PBXFileReference; lastKnownFileType = sourcecode.swift; path = WorksDetailViewController.swift; sourceTree = "<group>"; };
		17837F9BC07E9A7D5AE47417 /* ColombiaTests.swift */ = {isa = PBXFileReference; lastKnownFileType = sourcecode.swift; path = ColombiaTests.swift; sourceTree = "<group>"; };
		1A7002A37AB3E795FB2CF424 /* Pods-Colombia.debug.xcconfig */ = {isa = PBXFileReference; includeInIndex = 1; lastKnownFileType = text.xcconfig; name = "Pods-Colombia.debug.xcconfig"; path = "Target Support Files/Pods-Colombia/Pods-Colombia.debug.xcconfig"; sourceTree = "<group>"; };
		2030DE2ECEE6CDA338BB9C9E /* WorksIndexTabViewController.swift */ = {isa = PBXFileReference; lastKnownFileType = sourcecode.swift; path = WorksIndexTabViewController.swift; sourceTree = "<group>"; };
		220507F7800136B1FE2B204C /* ColombiaTests.xctest */ = {isa = PBXFileReference; includeInIndex = 0; lastKnownFileType = wrapper.cfbundle; path = ColombiaTests.xctest; sourceTree = BUILT_PRODUCTS_DIR; };
		24FA4628AFEF89B344534953 /* ColombiaUITests.xctest */ = {isa = PBXFileReference; includeInIndex = 0; lastKnownFileType = wrapper.cfbundle; path = ColombiaUITests.xctest; sourceTree = BUILT_PRODUCTS_DIR; };
		275E10E3AB5F6200A8B83176 /* APIClient.swift */ = {isa = PBXFileReference; lastKnownFileType = sourcecode.swift; path = APIClient.swift; sourceTree = "<group>"; };
		2AC457338C7AC5DDA4B5EED2 /* Info.plist */ = {isa = PBXFileReference; lastKnownFileType = text.plist; path = Info.plist; sourceTree = "<group>"; };
		35D696C1ECEDC910E28CE577 /* UICollectionViewCell+Ex.swift */ = {isa = PBXFileReference; lastKnownFileType = sourcecode.swift; path = "UICollectionViewCell+Ex.swift"; sourceTree = "<group>"; };
		400D0F9AC98177EAFF07B91B /* Pods-ColombiaTests.debug.xcconfig */ = {isa = PBXFileReference; includeInIndex = 1; lastKnownFileType = text.xcconfig; name = "Pods-ColombiaTests.debug.xcconfig"; path = "Target Support Files/Pods-ColombiaTests/Pods-ColombiaTests.debug.xcconfig"; sourceTree = "<group>"; };
		45EF2764903D6EC75DEFA5D9 /* ImageView+Ex.swift */ = {isa = PBXFileReference; lastKnownFileType = sourcecode.swift; path = "ImageView+Ex.swift"; sourceTree = "<group>"; };
		4E6D2DC44D41E3C29A1A9D60 /* WorksIndexViewController.xib */ = {isa = PBXFileReference; lastKnownFileType = file.xib; path = WorksIndexViewController.xib; sourceTree = "<group>"; };
		501AD29C7AB44A7A89EC8654 /* Pods-ColombiaTests.release.xcconfig */ = {isa = PBXFileReference; includeInIndex = 1; lastKnownFileType = text.xcconfig; name = "Pods-ColombiaTests.release.xcconfig"; path = "Target Support Files/Pods-ColombiaTests/Pods-ColombiaTests.release.xcconfig"; sourceTree = "<group>"; };
		6E84DFC17ECFE5A96AAC72D1 /* Pods-Colombia-ColombiaUITests.release.xcconfig */ = {isa = PBXFileReference; includeInIndex = 1; lastKnownFileType = text.xcconfig; name = "Pods-Colombia-ColombiaUITests.release.xcconfig"; path = "Target Support Files/Pods-Colombia-ColombiaUITests/Pods-Colombia-ColombiaUITests.release.xcconfig"; sourceTree = "<group>"; };
		7336B3FCA1151D6492C4466C /* Requestable.swift */ = {isa = PBXFileReference; lastKnownFileType = sourcecode.swift; path = Requestable.swift; sourceTree = "<group>"; };
		7B5F967EFDC311F7479676C9 /* Pods-Colombia.release.xcconfig */ = {isa = PBXFileReference; includeInIndex = 1; lastKnownFileType = text.xcconfig; name = "Pods-Colombia.release.xcconfig"; path = "Target Support Files/Pods-Colombia/Pods-Colombia.release.xcconfig"; sourceTree = "<group>"; };
		8FBD65DAC157AAC2832332BF /* Colombia.app */ = {isa = PBXFileReference; includeInIndex = 0; lastKnownFileType = wrapper.application; path = Colombia.app; sourceTree = BUILT_PRODUCTS_DIR; };
		9F05BAEF36D2E2179D696B8A /* Base */ = {isa = PBXFileReference; lastKnownFileType = file.storyboard; name = Base; path = Base.lproj/LaunchScreen.storyboard; sourceTree = "<group>"; };
		A547CA2383FF2B3A1F0C8CEF /* Pods_ColombiaTests.framework */ = {isa = PBXFileReference; explicitFileType = wrapper.framework; includeInIndex = 0; path = Pods_ColombiaTests.framework; sourceTree = BUILT_PRODUCTS_DIR; };
		B0E25576FAB23E938A04FF30 /* AnnictDataRepository.swift */ = {isa = PBXFileReference; lastKnownFileType = sourcecode.swift; path = AnnictDataRepository.swift; sourceTree = "<group>"; };
		C358862FBF6EFF7C92D38999 /* WorksDetailViewController.xib */ = {isa = PBXFileReference; lastKnownFileType = file.xib; path = WorksDetailViewController.xib; sourceTree = "<group>"; };
		C4CDD6E7A07E31C386AC959C /* Pods_Colombia_ColombiaUITests.framework */ = {isa = PBXFileReference; explicitFileType = wrapper.framework; includeInIndex = 0; path = Pods_Colombia_ColombiaUITests.framework; sourceTree = BUILT_PRODUCTS_DIR; };
		CDB237A6B3873EB2780E3A7C /* SceneDelegate.swift */ = {isa = PBXFileReference; lastKnownFileType = sourcecode.swift; path = SceneDelegate.swift; sourceTree = "<group>"; };
		D06E6B1E08178BD0D6137DAB /* ColombiaUITests.swift */ = {isa = PBXFileReference; lastKnownFileType = sourcecode.swift; path = ColombiaUITests.swift; sourceTree = "<group>"; };
		D113CA344C2D09BC92F03916 /* WorksIndexViewController.swift */ = {isa = PBXFileReference; lastKnownFileType = sourcecode.swift; path = WorksIndexViewController.swift; sourceTree = "<group>"; };
		D14054AA047AFD4E6246B5A8 /* AnnictAPIModel.swift */ = {isa = PBXFileReference; lastKnownFileType = sourcecode.swift; path = AnnictAPIModel.swift; sourceTree = "<group>"; };
		D64E1E590A313CEDA3D5BF9E /* AppDelegate.swift */ = {isa = PBXFileReference; lastKnownFileType = sourcecode.swift; path = AppDelegate.swift; sourceTree = "<group>"; };
		D704B0346EFF7E7731B0F38F /* WorksIndexCollectionViewCell.swift */ = {isa = PBXFileReference; lastKnownFileType = sourcecode.swift; path = WorksIndexCollectionViewCell.swift; sourceTree = "<group>"; };
		D706E43A25E6A5AC00E0D481 /* WorksIndexModel.swift */ = {isa = PBXFileReference; lastKnownFileType = sourcecode.swift; path = WorksIndexModel.swift; sourceTree = "<group>"; };
		D713E80C25E484B300AF7BD7 /* AccessToken.plist */ = {isa = PBXFileReference; lastKnownFileType = text.plist.xml; path = AccessToken.plist; sourceTree = "<group>"; };
		D764EF3325E7446100C99AE7 /* FavoriteWorksIndexViewController.swift */ = {isa = PBXFileReference; lastKnownFileType = sourcecode.swift; path = FavoriteWorksIndexViewController.swift; sourceTree = "<group>"; };
		D764EF3425E7446100C99AE7 /* FavoriteWorksIndexViewController.xib */ = {isa = PBXFileReference; lastKnownFileType = file.xib; path = FavoriteWorksIndexViewController.xib; sourceTree = "<group>"; };
		E266C19786F3D8D9756C4AE7 /* Pods-Colombia-ColombiaUITests.debug.xcconfig */ = {isa = PBXFileReference; includeInIndex = 1; lastKnownFileType = text.xcconfig; name = "Pods-Colombia-ColombiaUITests.debug.xcconfig"; path = "Target Support Files/Pods-Colombia-ColombiaUITests/Pods-Colombia-ColombiaUITests.debug.xcconfig"; sourceTree = "<group>"; };
		E7B1C7A53952B0EE494E13BC /* UIView+Ex.swift */ = {isa = PBXFileReference; lastKnownFileType = sourcecode.swift; path = "UIView+Ex.swift"; sourceTree = "<group>"; };
		E982384B98B3E5C006CFBA43 /* Info.plist */ = {isa = PBXFileReference; lastKnownFileType = text.plist; path = Info.plist; sourceTree = "<group>"; };
		F07218BA810C26CA4FB1D8CB /* WorksIndexTabViewController.xib */ = {isa = PBXFileReference; lastKnownFileType = file.xib; path = WorksIndexTabViewController.xib; sourceTree = "<group>"; };
		F3102B675D1C329A36E7D5BB /* Info.plist */ = {isa = PBXFileReference; lastKnownFileType = text.plist; path = Info.plist; sourceTree = "<group>"; };
		F7343BA35EAD1E0B36ACB2BE /* Assets.xcassets */ = {isa = PBXFileReference; lastKnownFileType = folder.assetcatalog; path = Assets.xcassets; sourceTree = "<group>"; };
		FCCD7DE828F7610026998E15 /* Pods_Colombia.framework */ = {isa = PBXFileReference; explicitFileType = wrapper.framework; includeInIndex = 0; path = Pods_Colombia.framework; sourceTree = BUILT_PRODUCTS_DIR; };
/* End PBXFileReference section */

/* Begin PBXFrameworksBuildPhase section */
		9B08BEF315B0489A5494B475 /* Frameworks */ = {
			isa = PBXFrameworksBuildPhase;
			buildActionMask = 2147483647;
			files = (
				9E6E5ED21499669CF61B5E57 /* Pods_ColombiaTests.framework in Frameworks */,
			);
			runOnlyForDeploymentPostprocessing = 0;
		};
		A8EAED8A24B5201444D00B7A /* Frameworks */ = {
			isa = PBXFrameworksBuildPhase;
			buildActionMask = 2147483647;
			files = (
				EE0F45C5F4F397B5D5875BC0 /* Pods_Colombia.framework in Frameworks */,
			);
			runOnlyForDeploymentPostprocessing = 0;
		};
		E39CCCD908F5CCC6F7B42D4B /* Frameworks */ = {
			isa = PBXFrameworksBuildPhase;
			buildActionMask = 2147483647;
			files = (
				5328CFF2C54225C65A21AD66 /* Pods_Colombia_ColombiaUITests.framework in Frameworks */,
			);
			runOnlyForDeploymentPostprocessing = 0;
		};
/* End PBXFrameworksBuildPhase section */

/* Begin PBXGroup section */
		07DFC64760D8374E6537DB69 /* Products */ = {
			isa = PBXGroup;
			children = (
				8FBD65DAC157AAC2832332BF /* Colombia.app */,
				220507F7800136B1FE2B204C /* ColombiaTests.xctest */,
				24FA4628AFEF89B344534953 /* ColombiaUITests.xctest */,
			);
			name = Products;
			sourceTree = "<group>";
		};
		09B6782AAAEBA5F1E1F22BC5 /* Frameworks */ = {
			isa = PBXGroup;
			children = (
				FCCD7DE828F7610026998E15 /* Pods_Colombia.framework */,
				C4CDD6E7A07E31C386AC959C /* Pods_Colombia_ColombiaUITests.framework */,
				A547CA2383FF2B3A1F0C8CEF /* Pods_ColombiaTests.framework */,
			);
			name = Frameworks;
			sourceTree = "<group>";
		};
		1B926459088C75FC1B9C8956 /* APIClient */ = {
			isa = PBXGroup;
			children = (
				0D7E57FF9AF3188723769471 /* AnnictAPIRequest.swift */,
				275E10E3AB5F6200A8B83176 /* APIClient.swift */,
				7336B3FCA1151D6492C4466C /* Requestable.swift */,
			);
			path = APIClient;
			sourceTree = "<group>";
		};
		2123921EAAFC905244321C8E /* ColombiaUITests */ = {
			isa = PBXGroup;
			children = (
				D06E6B1E08178BD0D6137DAB /* ColombiaUITests.swift */,
				E982384B98B3E5C006CFBA43 /* Info.plist */,
			);
			path = ColombiaUITests;
			sourceTree = "<group>";
		};
		25B52C55B5D254C727EE8329 /* Pods */ = {
			isa = PBXGroup;
			children = (
				1A7002A37AB3E795FB2CF424 /* Pods-Colombia.debug.xcconfig */,
				7B5F967EFDC311F7479676C9 /* Pods-Colombia.release.xcconfig */,
				E266C19786F3D8D9756C4AE7 /* Pods-Colombia-ColombiaUITests.debug.xcconfig */,
				6E84DFC17ECFE5A96AAC72D1 /* Pods-Colombia-ColombiaUITests.release.xcconfig */,
				400D0F9AC98177EAFF07B91B /* Pods-ColombiaTests.debug.xcconfig */,
				501AD29C7AB44A7A89EC8654 /* Pods-ColombiaTests.release.xcconfig */,
			);
			path = Pods;
			sourceTree = "<group>";
		};
		3BA68B7650675098EB658143 /* Model */ = {
			isa = PBXGroup;
			children = (
				D14054AA047AFD4E6246B5A8 /* AnnictAPIModel.swift */,
			);
			path = Model;
			sourceTree = "<group>";
		};
		55F65FAAC0B975F0084B5F47 /* Resources */ = {
			isa = PBXGroup;
			children = (
				F7343BA35EAD1E0B36ACB2BE /* Assets.xcassets */,
				F3102B675D1C329A36E7D5BB /* Info.plist */,
				36DE0DE81151A17E5A38B599 /* LaunchScreen.storyboard */,
				D713E80C25E484B300AF7BD7 /* AccessToken.plist */,
			);
			path = Resources;
			sourceTree = "<group>";
		};
		5E3196DD35C543137F804E32 /* View */ = {
			isa = PBXGroup;
			children = (
				D704B0346EFF7E7731B0F38F /* WorksIndexCollectionViewCell.swift */,
				07AC1B0338921FF8AE17E7C9 /* WorksIndexCollectionViewCell.xib */,
				BA92EE6B91B5F5D9E910034B /* Detail */,
				96E3B1F5BD3A408B5311B6DD /* Home */,
			);
			path = View;
			sourceTree = "<group>";
		};
		96E3B1F5BD3A408B5311B6DD /* Home */ = {
			isa = PBXGroup;
			children = (
				2030DE2ECEE6CDA338BB9C9E /* WorksIndexTabViewController.swift */,
				F07218BA810C26CA4FB1D8CB /* WorksIndexTabViewController.xib */,
				D764EF3325E7446100C99AE7 /* FavoriteWorksIndexViewController.swift */,
				D764EF3425E7446100C99AE7 /* FavoriteWorksIndexViewController.xib */,
				D113CA344C2D09BC92F03916 /* WorksIndexViewController.swift */,
				4E6D2DC44D41E3C29A1A9D60 /* WorksIndexViewController.xib */,
				D706E43A25E6A5AC00E0D481 /* WorksIndexModel.swift */,
			);
			path = Home;
			sourceTree = "<group>";
		};
		A3323830705EF81B0C297FAF /* ColombiaTests */ = {
			isa = PBXGroup;
			children = (
				17837F9BC07E9A7D5AE47417 /* ColombiaTests.swift */,
				2AC457338C7AC5DDA4B5EED2 /* Info.plist */,
			);
			path = ColombiaTests;
			sourceTree = "<group>";
		};
		A94CB69E57542205AB7E3917 /* Colombia */ = {
			isa = PBXGroup;
			children = (
				0AB139C13B99AB2627FB1EAB /* Info.plist */,
				55F65FAAC0B975F0084B5F47 /* Resources */,
				B74003CEF5C5D81D6C4FE069 /* Sources */,
			);
			path = Colombia;
			sourceTree = "<group>";
		};
		B74003CEF5C5D81D6C4FE069 /* Sources */ = {
			isa = PBXGroup;
			children = (
				5E3196DD35C543137F804E32 /* View */,
				D64E1E590A313CEDA3D5BF9E /* AppDelegate.swift */,
				CDB237A6B3873EB2780E3A7C /* SceneDelegate.swift */,
				1B926459088C75FC1B9C8956 /* APIClient */,
				EEAC9CFB97B5217F6AFDD874 /* Extension */,
				3BA68B7650675098EB658143 /* Model */,
				DD1C25DE0B26528E1848FBEE /* Repository */,
			);
			path = Sources;
			sourceTree = "<group>";
		};
		BA92EE6B91B5F5D9E910034B /* Detail */ = {
			isa = PBXGroup;
			children = (
				122328F6847C301AFEB9108A /* WorksDetailViewController.swift */,
				C358862FBF6EFF7C92D38999 /* WorksDetailViewController.xib */,
			);
			path = Detail;
			sourceTree = "<group>";
		};
		CD473065AE40F9A95C6C3A02 = {
			isa = PBXGroup;
			children = (
				A94CB69E57542205AB7E3917 /* Colombia */,
				A3323830705EF81B0C297FAF /* ColombiaTests */,
				2123921EAAFC905244321C8E /* ColombiaUITests */,
				07DFC64760D8374E6537DB69 /* Products */,
				25B52C55B5D254C727EE8329 /* Pods */,
				09B6782AAAEBA5F1E1F22BC5 /* Frameworks */,
			);
			sourceTree = "<group>";
		};
		DD1C25DE0B26528E1848FBEE /* Repository */ = {
			isa = PBXGroup;
			children = (
				B0E25576FAB23E938A04FF30 /* AnnictDataRepository.swift */,
			);
			path = Repository;
			sourceTree = "<group>";
		};
		EEAC9CFB97B5217F6AFDD874 /* Extension */ = {
			isa = PBXGroup;
			children = (
				45EF2764903D6EC75DEFA5D9 /* ImageView+Ex.swift */,
				35D696C1ECEDC910E28CE577 /* UICollectionViewCell+Ex.swift */,
				E7B1C7A53952B0EE494E13BC /* UIView+Ex.swift */,
			);
			path = Extension;
			sourceTree = "<group>";
		};
/* End PBXGroup section */

/* Begin PBXNativeTarget section */
		4348C6565CDE794794487CE4 /* ColombiaUITests */ = {
			isa = PBXNativeTarget;
			buildConfigurationList = 64553B875B8C9C62BBEF38F1 /* Build configuration list for PBXNativeTarget "ColombiaUITests" */;
			buildPhases = (
				25065CBF71CFB4ABBAB56675 /* [CP] Check Pods Manifest.lock */,
				5EAF522EE034E1797A1A6BF8 /* Sources */,
				E39CCCD908F5CCC6F7B42D4B /* Frameworks */,
				CC171F05F631A3DC469C38CC /* [CP] Embed Pods Frameworks */,
			);
			buildRules = (
			);
			dependencies = (
				27E5C18CA1900705854A0668 /* PBXTargetDependency */,
			);
			name = ColombiaUITests;
			productName = ColombiaUITests;
			productReference = 24FA4628AFEF89B344534953 /* ColombiaUITests.xctest */;
			productType = "com.apple.product-type.bundle.ui-testing";
		};
		DD69A52CAEFAD6C36F26A4EF /* ColombiaTests */ = {
			isa = PBXNativeTarget;
			buildConfigurationList = 314CC5BF34F6D12E988E5B8B /* Build configuration list for PBXNativeTarget "ColombiaTests" */;
			buildPhases = (
				5970CA91FD4EDCD0154A6135 /* [CP] Check Pods Manifest.lock */,
				135AEE81E94F92A008A3B897 /* Sources */,
				9B08BEF315B0489A5494B475 /* Frameworks */,
			);
			buildRules = (
			);
			dependencies = (
				FB4091C48180FE1AE344C340 /* PBXTargetDependency */,
			);
			name = ColombiaTests;
			productName = ColombiaTests;
			productReference = 220507F7800136B1FE2B204C /* ColombiaTests.xctest */;
			productType = "com.apple.product-type.bundle.unit-test";
		};
		E4ABF31FF1B871BB9E9CD104 /* Colombia */ = {
			isa = PBXNativeTarget;
			buildConfigurationList = FC9B85490642A85AA40A312A /* Build configuration list for PBXNativeTarget "Colombia" */;
			buildPhases = (
				5B2B4E0445AF253ED7B80972 /* [CP] Check Pods Manifest.lock */,
				5E0664AA388148CFB1A3942B /* Sources */,
				D87307AA58DEC72738FCAE7E /* Resources */,
				A8EAED8A24B5201444D00B7A /* Frameworks */,
				AC147954612C40AFE9A0DBCB /* [CP] Embed Pods Frameworks */,
			);
			buildRules = (
			);
			dependencies = (
			);
			name = Colombia;
			productName = Colombia;
			productReference = 8FBD65DAC157AAC2832332BF /* Colombia.app */;
			productType = "com.apple.product-type.application";
		};
/* End PBXNativeTarget section */

/* Begin PBXProject section */
		79009183713619377EBA9317 /* Project object */ = {
			isa = PBXProject;
			attributes = {
				LastUpgradeCheck = 1200;
				TargetAttributes = {
					4348C6565CDE794794487CE4 = {
						TestTargetID = E4ABF31FF1B871BB9E9CD104;
					};
				};
			};
			buildConfigurationList = 86955313A0ACDE7AE89CEA1E /* Build configuration list for PBXProject "Colombia" */;
			compatibilityVersion = "Xcode 10.0";
			developmentRegion = en;
			hasScannedForEncodings = 0;
			knownRegions = (
				Base,
				en,
			);
			mainGroup = CD473065AE40F9A95C6C3A02;
			productRefGroup = 07DFC64760D8374E6537DB69 /* Products */;
			projectDirPath = "";
			projectRoot = "";
			targets = (
				E4ABF31FF1B871BB9E9CD104 /* Colombia */,
				DD69A52CAEFAD6C36F26A4EF /* ColombiaTests */,
				4348C6565CDE794794487CE4 /* ColombiaUITests */,
			);
		};
/* End PBXProject section */

/* Begin PBXResourcesBuildPhase section */
		D87307AA58DEC72738FCAE7E /* Resources */ = {
			isa = PBXResourcesBuildPhase;
			buildActionMask = 2147483647;
			files = (
				D713E80D25E484B300AF7BD7 /* AccessToken.plist in Resources */,
				A6C697FBA5FD65B69D31CF68 /* Assets.xcassets in Resources */,
				D764EF3625E7446100C99AE7 /* FavoriteWorksIndexViewController.xib in Resources */,
				AD0B62603191B1C92652C9F7 /* LaunchScreen.storyboard in Resources */,
				CB6780D2C1B25F6BC397EADE /* WorksDetailViewController.xib in Resources */,
				AE80A294F9840FD91ED1F37F /* WorksIndexCollectionViewCell.xib in Resources */,
				3C539B235EB692981E08F458 /* WorksIndexTabViewController.xib in Resources */,
				04124976E20B30E0B9800C06 /* WorksIndexViewController.xib in Resources */,
			);
			runOnlyForDeploymentPostprocessing = 0;
		};
/* End PBXResourcesBuildPhase section */

/* Begin PBXShellScriptBuildPhase section */
		25065CBF71CFB4ABBAB56675 /* [CP] Check Pods Manifest.lock */ = {
			isa = PBXShellScriptBuildPhase;
			buildActionMask = 2147483647;
			files = (
			);
			inputFileListPaths = (
			);
			inputPaths = (
				"${PODS_PODFILE_DIR_PATH}/Podfile.lock",
				"${PODS_ROOT}/Manifest.lock",
			);
			name = "[CP] Check Pods Manifest.lock";
			outputFileListPaths = (
			);
			outputPaths = (
				"$(DERIVED_FILE_DIR)/Pods-Colombia-ColombiaUITests-checkManifestLockResult.txt",
			);
			runOnlyForDeploymentPostprocessing = 0;
			shellPath = /bin/sh;
			shellScript = "diff \"${PODS_PODFILE_DIR_PATH}/Podfile.lock\" \"${PODS_ROOT}/Manifest.lock\" > /dev/null\nif [ $? != 0 ] ; then\n    # print error to STDERR\n    echo \"error: The sandbox is not in sync with the Podfile.lock. Run 'pod install' or update your CocoaPods installation.\" >&2\n    exit 1\nfi\n# This output is used by Xcode 'outputs' to avoid re-running this script phase.\necho \"SUCCESS\" > \"${SCRIPT_OUTPUT_FILE_0}\"\n";
			showEnvVarsInLog = 0;
		};
		5970CA91FD4EDCD0154A6135 /* [CP] Check Pods Manifest.lock */ = {
			isa = PBXShellScriptBuildPhase;
			buildActionMask = 2147483647;
			files = (
			);
			inputFileListPaths = (
			);
			inputPaths = (
				"${PODS_PODFILE_DIR_PATH}/Podfile.lock",
				"${PODS_ROOT}/Manifest.lock",
			);
			name = "[CP] Check Pods Manifest.lock";
			outputFileListPaths = (
			);
			outputPaths = (
				"$(DERIVED_FILE_DIR)/Pods-ColombiaTests-checkManifestLockResult.txt",
			);
			runOnlyForDeploymentPostprocessing = 0;
			shellPath = /bin/sh;
			shellScript = "diff \"${PODS_PODFILE_DIR_PATH}/Podfile.lock\" \"${PODS_ROOT}/Manifest.lock\" > /dev/null\nif [ $? != 0 ] ; then\n    # print error to STDERR\n    echo \"error: The sandbox is not in sync with the Podfile.lock. Run 'pod install' or update your CocoaPods installation.\" >&2\n    exit 1\nfi\n# This output is used by Xcode 'outputs' to avoid re-running this script phase.\necho \"SUCCESS\" > \"${SCRIPT_OUTPUT_FILE_0}\"\n";
			showEnvVarsInLog = 0;
		};
		5B2B4E0445AF253ED7B80972 /* [CP] Check Pods Manifest.lock */ = {
			isa = PBXShellScriptBuildPhase;
			buildActionMask = 2147483647;
			files = (
			);
			inputFileListPaths = (
			);
			inputPaths = (
				"${PODS_PODFILE_DIR_PATH}/Podfile.lock",
				"${PODS_ROOT}/Manifest.lock",
			);
			name = "[CP] Check Pods Manifest.lock";
			outputFileListPaths = (
			);
			outputPaths = (
				"$(DERIVED_FILE_DIR)/Pods-Colombia-checkManifestLockResult.txt",
			);
			runOnlyForDeploymentPostprocessing = 0;
			shellPath = /bin/sh;
			shellScript = "diff \"${PODS_PODFILE_DIR_PATH}/Podfile.lock\" \"${PODS_ROOT}/Manifest.lock\" > /dev/null\nif [ $? != 0 ] ; then\n    # print error to STDERR\n    echo \"error: The sandbox is not in sync with the Podfile.lock. Run 'pod install' or update your CocoaPods installation.\" >&2\n    exit 1\nfi\n# This output is used by Xcode 'outputs' to avoid re-running this script phase.\necho \"SUCCESS\" > \"${SCRIPT_OUTPUT_FILE_0}\"\n";
			showEnvVarsInLog = 0;
		};
		AC147954612C40AFE9A0DBCB /* [CP] Embed Pods Frameworks */ = {
			isa = PBXShellScriptBuildPhase;
			buildActionMask = 2147483647;
			files = (
			);
			inputFileListPaths = (
				"${PODS_ROOT}/Target Support Files/Pods-Colombia/Pods-Colombia-frameworks-${CONFIGURATION}-input-files.xcfilelist",
			);
			name = "[CP] Embed Pods Frameworks";
			outputFileListPaths = (
				"${PODS_ROOT}/Target Support Files/Pods-Colombia/Pods-Colombia-frameworks-${CONFIGURATION}-output-files.xcfilelist",
			);
			runOnlyForDeploymentPostprocessing = 0;
			shellPath = /bin/sh;
			shellScript = "\"${PODS_ROOT}/Target Support Files/Pods-Colombia/Pods-Colombia-frameworks.sh\"\n";
			showEnvVarsInLog = 0;
		};
		CC171F05F631A3DC469C38CC /* [CP] Embed Pods Frameworks */ = {
			isa = PBXShellScriptBuildPhase;
			buildActionMask = 2147483647;
			files = (
			);
			inputFileListPaths = (
				"${PODS_ROOT}/Target Support Files/Pods-Colombia-ColombiaUITests/Pods-Colombia-ColombiaUITests-frameworks-${CONFIGURATION}-input-files.xcfilelist",
			);
			name = "[CP] Embed Pods Frameworks";
			outputFileListPaths = (
				"${PODS_ROOT}/Target Support Files/Pods-Colombia-ColombiaUITests/Pods-Colombia-ColombiaUITests-frameworks-${CONFIGURATION}-output-files.xcfilelist",
			);
			runOnlyForDeploymentPostprocessing = 0;
			shellPath = /bin/sh;
			shellScript = "\"${PODS_ROOT}/Target Support Files/Pods-Colombia-ColombiaUITests/Pods-Colombia-ColombiaUITests-frameworks.sh\"\n";
			showEnvVarsInLog = 0;
		};
/* End PBXShellScriptBuildPhase section */

/* Begin PBXSourcesBuildPhase section */
		135AEE81E94F92A008A3B897 /* Sources */ = {
			isa = PBXSourcesBuildPhase;
			buildActionMask = 2147483647;
			files = (
				9E0FA65E39025A653C05F220 /* ColombiaTests.swift in Sources */,
			);
			runOnlyForDeploymentPostprocessing = 0;
		};
		5E0664AA388148CFB1A3942B /* Sources */ = {
			isa = PBXSourcesBuildPhase;
			buildActionMask = 2147483647;
			files = (
				39D52275EEDCE24DCE5CA64C /* APIClient.swift in Sources */,
				B2F29FA3751F0F98D7BCD0C2 /* AnnictAPIModel.swift in Sources */,
				EB0C10E1340ED0428438DFBA /* AnnictAPIRequest.swift in Sources */,
				46994B86A114995CF4CB2674 /* AnnictDataRepository.swift in Sources */,
				AADFD8BB21554BDD665AC39A /* AppDelegate.swift in Sources */,
				ADA3264917C43C47205E9178 /* ImageView+Ex.swift in Sources */,
				62905DF18C18B20E0D2A97E9 /* Requestable.swift in Sources */,
				6FE9BBC94BADAA107DDC08AE /* SceneDelegate.swift in Sources */,
				451B1DE05AF25FB07CDBB390 /* UICollectionViewCell+Ex.swift in Sources */,
				0CB12499E29231598447E761 /* UIView+Ex.swift in Sources */,
				D706E43B25E6A5AC00E0D481 /* WorksIndexModel.swift in Sources */,
				DF4451E8B5C1F2269E5A2D77 /* WorksDetailViewController.swift in Sources */,
				CDABCE018671DF25C146CA79 /* WorksIndexCollectionViewCell.swift in Sources */,
				35F6875D07D551BF5FEDBF67 /* WorksIndexTabViewController.swift in Sources */,
				D764EF3525E7446100C99AE7 /* FavoriteWorksIndexViewController.swift in Sources */,
				1B7B5281B1B0537FDE023AF6 /* WorksIndexViewController.swift in Sources */,
			);
			runOnlyForDeploymentPostprocessing = 0;
		};
		5EAF522EE034E1797A1A6BF8 /* Sources */ = {
			isa = PBXSourcesBuildPhase;
			buildActionMask = 2147483647;
			files = (
				64C983F19839E215D356C6BE /* ColombiaUITests.swift in Sources */,
			);
			runOnlyForDeploymentPostprocessing = 0;
		};
/* End PBXSourcesBuildPhase section */

/* Begin PBXTargetDependency section */
		27E5C18CA1900705854A0668 /* PBXTargetDependency */ = {
			isa = PBXTargetDependency;
			target = E4ABF31FF1B871BB9E9CD104 /* Colombia */;
			targetProxy = 27D35BC11C7AF80D028CF591 /* PBXContainerItemProxy */;
		};
		FB4091C48180FE1AE344C340 /* PBXTargetDependency */ = {
			isa = PBXTargetDependency;
			target = E4ABF31FF1B871BB9E9CD104 /* Colombia */;
			targetProxy = E306B11D179539BD461C8CC2 /* PBXContainerItemProxy */;
		};
/* End PBXTargetDependency section */

/* Begin PBXVariantGroup section */
		36DE0DE81151A17E5A38B599 /* LaunchScreen.storyboard */ = {
			isa = PBXVariantGroup;
			children = (
				9F05BAEF36D2E2179D696B8A /* Base */,
			);
			name = LaunchScreen.storyboard;
			sourceTree = "<group>";
		};
/* End PBXVariantGroup section */

/* Begin XCBuildConfiguration section */
		016D08AEE0E48B4CA59C139E /* Release */ = {
			isa = XCBuildConfiguration;
			buildSettings = {
				ALWAYS_SEARCH_USER_PATHS = NO;
				CLANG_ANALYZER_NONNULL = YES;
				CLANG_ANALYZER_NUMBER_OBJECT_CONVERSION = YES_AGGRESSIVE;
				CLANG_CXX_LANGUAGE_STANDARD = "gnu++14";
				CLANG_CXX_LIBRARY = "libc++";
				CLANG_ENABLE_MODULES = YES;
				CLANG_ENABLE_OBJC_ARC = YES;
				CLANG_ENABLE_OBJC_WEAK = YES;
				CLANG_WARN_BLOCK_CAPTURE_AUTORELEASING = YES;
				CLANG_WARN_BOOL_CONVERSION = YES;
				CLANG_WARN_COMMA = YES;
				CLANG_WARN_CONSTANT_CONVERSION = YES;
				CLANG_WARN_DEPRECATED_OBJC_IMPLEMENTATIONS = YES;
				CLANG_WARN_DIRECT_OBJC_ISA_USAGE = YES_ERROR;
				CLANG_WARN_DOCUMENTATION_COMMENTS = YES;
				CLANG_WARN_EMPTY_BODY = YES;
				CLANG_WARN_ENUM_CONVERSION = YES;
				CLANG_WARN_INFINITE_RECURSION = YES;
				CLANG_WARN_INT_CONVERSION = YES;
				CLANG_WARN_NON_LITERAL_NULL_CONVERSION = YES;
				CLANG_WARN_OBJC_IMPLICIT_RETAIN_SELF = YES;
				CLANG_WARN_OBJC_LITERAL_CONVERSION = YES;
				CLANG_WARN_OBJC_ROOT_CLASS = YES_ERROR;
				CLANG_WARN_QUOTED_INCLUDE_IN_FRAMEWORK_HEADER = YES;
				CLANG_WARN_RANGE_LOOP_ANALYSIS = YES;
				CLANG_WARN_STRICT_PROTOTYPES = YES;
				CLANG_WARN_SUSPICIOUS_MOVE = YES;
				CLANG_WARN_UNGUARDED_AVAILABILITY = YES_AGGRESSIVE;
				CLANG_WARN_UNREACHABLE_CODE = YES;
				CLANG_WARN__DUPLICATE_METHOD_MATCH = YES;
				COPY_PHASE_STRIP = NO;
				DEBUG_INFORMATION_FORMAT = "dwarf-with-dsym";
				ENABLE_NS_ASSERTIONS = NO;
				ENABLE_STRICT_OBJC_MSGSEND = YES;
				GCC_C_LANGUAGE_STANDARD = gnu11;
				GCC_NO_COMMON_BLOCKS = YES;
				GCC_WARN_64_TO_32_BIT_CONVERSION = YES;
				GCC_WARN_ABOUT_RETURN_TYPE = YES_ERROR;
				GCC_WARN_UNDECLARED_SELECTOR = YES;
				GCC_WARN_UNINITIALIZED_AUTOS = YES_AGGRESSIVE;
				GCC_WARN_UNUSED_FUNCTION = YES;
				GCC_WARN_UNUSED_VARIABLE = YES;
				MTL_ENABLE_DEBUG_INFO = NO;
				MTL_FAST_MATH = YES;
				PRODUCT_NAME = "$(TARGET_NAME)";
				SDKROOT = iphoneos;
				SWIFT_COMPILATION_MODE = wholemodule;
				SWIFT_OPTIMIZATION_LEVEL = "-O";
				SWIFT_VERSION = 5.0;
			};
			name = Release;
		};
		32FB25E35791486A2C1EE3E4 /* Release */ = {
			isa = XCBuildConfiguration;
			baseConfigurationReference = 6E84DFC17ECFE5A96AAC72D1 /* Pods-Colombia-ColombiaUITests.release.xcconfig */;
			buildSettings = {
				BUNDLE_LOADER = "$(TEST_HOST)";
				INFOPLIST_FILE = ColombiaUITests/Info.plist;
				IPHONEOS_DEPLOYMENT_TARGET = 13.0;
				LD_RUNPATH_SEARCH_PATHS = (
					"$(inherited)",
					"@executable_path/Frameworks",
					"@loader_path/Frameworks",
				);
				SDKROOT = iphoneos;
				TARGETED_DEVICE_FAMILY = "1,2";
				TEST_TARGET_NAME = Colombia;
			};
			name = Release;
		};
		39A6F28AC861B01C97F653A2 /* Debug */ = {
			isa = XCBuildConfiguration;
			baseConfigurationReference = 1A7002A37AB3E795FB2CF424 /* Pods-Colombia.debug.xcconfig */;
			buildSettings = {
				ASSETCATALOG_COMPILER_APPICON_NAME = AppIcon;
				CODE_SIGN_IDENTITY = "iPhone Developer";
				INFOPLIST_FILE = Colombia/Resources/Info.plist;
				IPHONEOS_DEPLOYMENT_TARGET = 13.0;
				LD_RUNPATH_SEARCH_PATHS = (
					"$(inherited)",
					"@executable_path/Frameworks",
				);
				PRODUCT_BUNDLE_IDENTIFIER = CTAColombia.Colombia;
				SDKROOT = iphoneos;
				TARGETED_DEVICE_FAMILY = "1,2";
			};
			name = Debug;
		};
		4AD63EE2D943435F1697CCB2 /* Release */ = {
			isa = XCBuildConfiguration;
			baseConfigurationReference = 7B5F967EFDC311F7479676C9 /* Pods-Colombia.release.xcconfig */;
			buildSettings = {
				ASSETCATALOG_COMPILER_APPICON_NAME = AppIcon;
				CODE_SIGN_IDENTITY = "iPhone Developer";
				INFOPLIST_FILE = Colombia/Resources/Info.plist;
				IPHONEOS_DEPLOYMENT_TARGET = 13.0;
				LD_RUNPATH_SEARCH_PATHS = (
					"$(inherited)",
					"@executable_path/Frameworks",
				);
				PRODUCT_BUNDLE_IDENTIFIER = CTAColombia.Colombia;
				SDKROOT = iphoneos;
				TARGETED_DEVICE_FAMILY = "1,2";
			};
			name = Release;
		};
		B02A255EA43800015127481C /* Debug */ = {
			isa = XCBuildConfiguration;
			baseConfigurationReference = E266C19786F3D8D9756C4AE7 /* Pods-Colombia-ColombiaUITests.debug.xcconfig */;
			buildSettings = {
				BUNDLE_LOADER = "$(TEST_HOST)";
				INFOPLIST_FILE = ColombiaUITests/Info.plist;
				IPHONEOS_DEPLOYMENT_TARGET = 13.0;
				LD_RUNPATH_SEARCH_PATHS = (
					"$(inherited)",
					"@executable_path/Frameworks",
					"@loader_path/Frameworks",
				);
				SDKROOT = iphoneos;
				TARGETED_DEVICE_FAMILY = "1,2";
				TEST_TARGET_NAME = Colombia;
			};
			name = Debug;
		};
		E309628E02DEC265BA7296DD /* Debug */ = {
			isa = XCBuildConfiguration;
			buildSettings = {
				ALWAYS_SEARCH_USER_PATHS = NO;
				CLANG_ANALYZER_NONNULL = YES;
				CLANG_ANALYZER_NUMBER_OBJECT_CONVERSION = YES_AGGRESSIVE;
				CLANG_CXX_LANGUAGE_STANDARD = "gnu++14";
				CLANG_CXX_LIBRARY = "libc++";
				CLANG_ENABLE_MODULES = YES;
				CLANG_ENABLE_OBJC_ARC = YES;
				CLANG_ENABLE_OBJC_WEAK = YES;
				CLANG_WARN_BLOCK_CAPTURE_AUTORELEASING = YES;
				CLANG_WARN_BOOL_CONVERSION = YES;
				CLANG_WARN_COMMA = YES;
				CLANG_WARN_CONSTANT_CONVERSION = YES;
				CLANG_WARN_DEPRECATED_OBJC_IMPLEMENTATIONS = YES;
				CLANG_WARN_DIRECT_OBJC_ISA_USAGE = YES_ERROR;
				CLANG_WARN_DOCUMENTATION_COMMENTS = YES;
				CLANG_WARN_EMPTY_BODY = YES;
				CLANG_WARN_ENUM_CONVERSION = YES;
				CLANG_WARN_INFINITE_RECURSION = YES;
				CLANG_WARN_INT_CONVERSION = YES;
				CLANG_WARN_NON_LITERAL_NULL_CONVERSION = YES;
				CLANG_WARN_OBJC_IMPLICIT_RETAIN_SELF = YES;
				CLANG_WARN_OBJC_LITERAL_CONVERSION = YES;
				CLANG_WARN_OBJC_ROOT_CLASS = YES_ERROR;
				CLANG_WARN_QUOTED_INCLUDE_IN_FRAMEWORK_HEADER = YES;
				CLANG_WARN_RANGE_LOOP_ANALYSIS = YES;
				CLANG_WARN_STRICT_PROTOTYPES = YES;
				CLANG_WARN_SUSPICIOUS_MOVE = YES;
				CLANG_WARN_UNGUARDED_AVAILABILITY = YES_AGGRESSIVE;
				CLANG_WARN_UNREACHABLE_CODE = YES;
				CLANG_WARN__DUPLICATE_METHOD_MATCH = YES;
				COPY_PHASE_STRIP = NO;
				DEBUG_INFORMATION_FORMAT = dwarf;
				ENABLE_STRICT_OBJC_MSGSEND = YES;
				ENABLE_TESTABILITY = YES;
				GCC_C_LANGUAGE_STANDARD = gnu11;
				GCC_DYNAMIC_NO_PIC = NO;
				GCC_NO_COMMON_BLOCKS = YES;
				GCC_OPTIMIZATION_LEVEL = 0;
				GCC_PREPROCESSOR_DEFINITIONS = (
					"$(inherited)",
					"DEBUG=1",
				);
				GCC_WARN_64_TO_32_BIT_CONVERSION = YES;
				GCC_WARN_ABOUT_RETURN_TYPE = YES_ERROR;
				GCC_WARN_UNDECLARED_SELECTOR = YES;
				GCC_WARN_UNINITIALIZED_AUTOS = YES_AGGRESSIVE;
				GCC_WARN_UNUSED_FUNCTION = YES;
				GCC_WARN_UNUSED_VARIABLE = YES;
				MTL_ENABLE_DEBUG_INFO = INCLUDE_SOURCE;
				MTL_FAST_MATH = YES;
				ONLY_ACTIVE_ARCH = YES;
				PRODUCT_NAME = "$(TARGET_NAME)";
				SDKROOT = iphoneos;
				SWIFT_ACTIVE_COMPILATION_CONDITIONS = DEBUG;
				SWIFT_OPTIMIZATION_LEVEL = "-Onone";
				SWIFT_VERSION = 5.0;
			};
			name = Debug;
		};
		EEE48799D6EA3ECF8708B872 /* Debug */ = {
			isa = XCBuildConfiguration;
			baseConfigurationReference = 400D0F9AC98177EAFF07B91B /* Pods-ColombiaTests.debug.xcconfig */;
			buildSettings = {
				BUNDLE_LOADER = "$(TEST_HOST)";
				INFOPLIST_FILE = ColombiaTests/Info.plist;
				IPHONEOS_DEPLOYMENT_TARGET = 13.0;
				LD_RUNPATH_SEARCH_PATHS = (
					"$(inherited)",
					"@executable_path/Frameworks",
					"@loader_path/Frameworks",
				);
				SDKROOT = iphoneos;
				TARGETED_DEVICE_FAMILY = "1,2";
				TEST_HOST = "$(BUILT_PRODUCTS_DIR)/Colombia.app/Colombia";
			};
			name = Debug;
		};
		F06FA8A4EA31607F49ECC17C /* Release */ = {
			isa = XCBuildConfiguration;
			baseConfigurationReference = 501AD29C7AB44A7A89EC8654 /* Pods-ColombiaTests.release.xcconfig */;
			buildSettings = {
				BUNDLE_LOADER = "$(TEST_HOST)";
				INFOPLIST_FILE = ColombiaTests/Info.plist;
				IPHONEOS_DEPLOYMENT_TARGET = 13.0;
				LD_RUNPATH_SEARCH_PATHS = (
					"$(inherited)",
					"@executable_path/Frameworks",
					"@loader_path/Frameworks",
				);
				SDKROOT = iphoneos;
				TARGETED_DEVICE_FAMILY = "1,2";
				TEST_HOST = "$(BUILT_PRODUCTS_DIR)/Colombia.app/Colombia";
			};
			name = Release;
		};
/* End XCBuildConfiguration section */

/* Begin XCConfigurationList section */
		314CC5BF34F6D12E988E5B8B /* Build configuration list for PBXNativeTarget "ColombiaTests" */ = {
			isa = XCConfigurationList;
			buildConfigurations = (
				EEE48799D6EA3ECF8708B872 /* Debug */,
				F06FA8A4EA31607F49ECC17C /* Release */,
			);
			defaultConfigurationIsVisible = 0;
			defaultConfigurationName = Debug;
		};
		64553B875B8C9C62BBEF38F1 /* Build configuration list for PBXNativeTarget "ColombiaUITests" */ = {
			isa = XCConfigurationList;
			buildConfigurations = (
				B02A255EA43800015127481C /* Debug */,
				32FB25E35791486A2C1EE3E4 /* Release */,
			);
			defaultConfigurationIsVisible = 0;
			defaultConfigurationName = Debug;
		};
		86955313A0ACDE7AE89CEA1E /* Build configuration list for PBXProject "Colombia" */ = {
			isa = XCConfigurationList;
			buildConfigurations = (
				E309628E02DEC265BA7296DD /* Debug */,
				016D08AEE0E48B4CA59C139E /* Release */,
			);
			defaultConfigurationIsVisible = 0;
			defaultConfigurationName = Debug;
		};
		FC9B85490642A85AA40A312A /* Build configuration list for PBXNativeTarget "Colombia" */ = {
			isa = XCConfigurationList;
			buildConfigurations = (
				39A6F28AC861B01C97F653A2 /* Debug */,
				4AD63EE2D943435F1697CCB2 /* Release */,
			);
			defaultConfigurationIsVisible = 0;
			defaultConfigurationName = Debug;
		};
/* End XCConfigurationList section */
	};
	rootObject = 79009183713619377EBA9317 /* Project object */;
}
