// !$*UTF8*$!
{
	archiveVersion = 1;
	classes = {
	};
	objectVersion = 51;
	objects = {

/* Begin PBXBuildFile section */
		0CB12499E29231598447E761 /* UIView+Extension.swift in Sources */ = {isa = PBXBuildFile; fileRef = E7B1C7A53952B0EE494E13BC /* UIView+Extension.swift */; };
		188624475355F036D7107F26 /* WorksDetailViewController.xib in Resources */ = {isa = PBXBuildFile; fileRef = C6A74D697AFD2FD7A1989956 /* WorksDetailViewController.xib */; };
		1BE2EE72D4FD89ACABEDCFB7 /* ルフィ.jpeg in Resources */ = {isa = PBXBuildFile; fileRef = 2D66099750A325FDCD6E9C98 /* ルフィ.jpeg */; };
		208ED95228E9FD70DDDAFFCC /* WorksIndexTabViewController.swift in Sources */ = {isa = PBXBuildFile; fileRef = C3E1870D22EAB06757E1BA72 /* WorksIndexTabViewController.swift */; };
		39D52275EEDCE24DCE5CA64C /* APIClient.swift in Sources */ = {isa = PBXBuildFile; fileRef = 275E10E3AB5F6200A8B83176 /* APIClient.swift */; };
		46994B86A114995CF4CB2674 /* AnnictDataRepository.swift in Sources */ = {isa = PBXBuildFile; fileRef = B0E25576FAB23E938A04FF30 /* AnnictDataRepository.swift */; };
		5585B8E5AD5FA4C583A12DE9 /* AccessToken.plist in Resources */ = {isa = PBXBuildFile; fileRef = 6338A607BABC923D9C6E5445 /* AccessToken.plist */; };
		62905DF18C18B20E0D2A97E9 /* Requestable.swift in Sources */ = {isa = PBXBuildFile; fileRef = 7336B3FCA1151D6492C4466C /* Requestable.swift */; };
		64C983F19839E215D356C6BE /* ColombiaUITests.swift in Sources */ = {isa = PBXBuildFile; fileRef = D06E6B1E08178BD0D6137DAB /* ColombiaUITests.swift */; };
		6FE9BBC94BADAA107DDC08AE /* SceneDelegate.swift in Sources */ = {isa = PBXBuildFile; fileRef = CDB237A6B3873EB2780E3A7C /* SceneDelegate.swift */; };
		74DD44ECD04CC8FAF4AAFB2E /* Pods_Colombia_ColombiaUITests.framework in Frameworks */ = {isa = PBXBuildFile; fileRef = 2E3953B77514F9D678829523 /* Pods_Colombia_ColombiaUITests.framework */; };
		7842B68FC018A82367E013F2 /* Pods_Colombia.framework in Frameworks */ = {isa = PBXBuildFile; fileRef = 662095422EDFF3AD72DC9DA3 /* Pods_Colombia.framework */; };
		9E0FA65E39025A653C05F220 /* ColombiaTests.swift in Sources */ = {isa = PBXBuildFile; fileRef = 17837F9BC07E9A7D5AE47417 /* ColombiaTests.swift */; };
		A6C697FBA5FD65B69D31CF68 /* Assets.xcassets in Resources */ = {isa = PBXBuildFile; fileRef = F7343BA35EAD1E0B36ACB2BE /* Assets.xcassets */; };
		AADFD8BB21554BDD665AC39A /* AppDelegate.swift in Sources */ = {isa = PBXBuildFile; fileRef = D64E1E590A313CEDA3D5BF9E /* AppDelegate.swift */; };
		AD0B62603191B1C92652C9F7 /* LaunchScreen.storyboard in Resources */ = {isa = PBXBuildFile; fileRef = 36DE0DE81151A17E5A38B599 /* LaunchScreen.storyboard */; };
		AE80A294F9840FD91ED1F37F /* WorksIndexCollectionViewCell.xib in Resources */ = {isa = PBXBuildFile; fileRef = 07AC1B0338921FF8AE17E7C9 /* WorksIndexCollectionViewCell.xib */; };
		AEA31DA58D92D5EDBB157FA7 /* WorksIndexViewController.xib in Resources */ = {isa = PBXBuildFile; fileRef = 1603500A0C41435FA7D989FB /* WorksIndexViewController.xib */; };
		B2F02C42A49F8A4326D84D7F /* Pods_ColombiaTests.framework in Frameworks */ = {isa = PBXBuildFile; fileRef = 3317A14881E7E2B3CBD0D198 /* Pods_ColombiaTests.framework */; };
		B2F29FA3751F0F98D7BCD0C2 /* AnnictAPIModel.swift in Sources */ = {isa = PBXBuildFile; fileRef = D14054AA047AFD4E6246B5A8 /* AnnictAPIModel.swift */; };
		CDABCE018671DF25C146CA79 /* WorksIndexCollectionViewCell.swift in Sources */ = {isa = PBXBuildFile; fileRef = D704B0346EFF7E7731B0F38F /* WorksIndexCollectionViewCell.swift */; };
		D0512EA1D59069AE99FACFA0 /* WorksDetailViewController.swift in Sources */ = {isa = PBXBuildFile; fileRef = 751134281A69969038326C6F /* WorksDetailViewController.swift */; };
		E8FC58DCB1A8CEDBDE99E922 /* WorksIndexViewController.swift in Sources */ = {isa = PBXBuildFile; fileRef = AF357C62018861929B735FD2 /* WorksIndexViewController.swift */; };
		EB0C10E1340ED0428438DFBA /* AnnictAPIRequest.swift in Sources */ = {isa = PBXBuildFile; fileRef = 0D7E57FF9AF3188723769471 /* AnnictAPIRequest.swift */; };
		EC77E8C724F7E35E6E90BD82 /* WorksIndexTabViewController.xib in Resources */ = {isa = PBXBuildFile; fileRef = 8D634103434E78D673B58B60 /* WorksIndexTabViewController.xib */; };
/* End PBXBuildFile section */

/* Begin PBXContainerItemProxy section */
		27D35BC11C7AF80D028CF591 /* PBXContainerItemProxy */ = {
			isa = PBXContainerItemProxy;
			containerPortal = 79009183713619377EBA9317 /* Project object */;
			proxyType = 1;
			remoteGlobalIDString = E4ABF31FF1B871BB9E9CD104;
			remoteInfo = Colombia;
		};
		E306B11D179539BD461C8CC2 /* PBXContainerItemProxy */ = {
			isa = PBXContainerItemProxy;
			containerPortal = 79009183713619377EBA9317 /* Project object */;
			proxyType = 1;
			remoteGlobalIDString = E4ABF31FF1B871BB9E9CD104;
			remoteInfo = Colombia;
		};
/* End PBXContainerItemProxy section */

/* Begin PBXFileReference section */
		02880D210A3832571E30DE18 /* Pods-ColombiaTests.debug.xcconfig */ = {isa = PBXFileReference; includeInIndex = 1; lastKnownFileType = text.xcconfig; name = "Pods-ColombiaTests.debug.xcconfig"; path = "Target Support Files/Pods-ColombiaTests/Pods-ColombiaTests.debug.xcconfig"; sourceTree = "<group>"; };
		06125A52CA4694CC51E94525 /* Pods-Colombia.debug.xcconfig */ = {isa = PBXFileReference; includeInIndex = 1; lastKnownFileType = text.xcconfig; name = "Pods-Colombia.debug.xcconfig"; path = "Target Support Files/Pods-Colombia/Pods-Colombia.debug.xcconfig"; sourceTree = "<group>"; };
		07AC1B0338921FF8AE17E7C9 /* WorksIndexCollectionViewCell.xib */ = {isa = PBXFileReference; lastKnownFileType = file.xib; path = WorksIndexCollectionViewCell.xib; sourceTree = "<group>"; };
		0AB139C13B99AB2627FB1EAB /* Info.plist */ = {isa = PBXFileReference; lastKnownFileType = text.plist; path = Info.plist; sourceTree = "<group>"; };
		0D7E57FF9AF3188723769471 /* AnnictAPIRequest.swift */ = {isa = PBXFileReference; lastKnownFileType = sourcecode.swift; path = AnnictAPIRequest.swift; sourceTree = "<group>"; };
		1422C963897FEDD5AFF9CAA2 /* Pods-Colombia-ColombiaUITests.debug.xcconfig */ = {isa = PBXFileReference; includeInIndex = 1; lastKnownFileType = text.xcconfig; name = "Pods-Colombia-ColombiaUITests.debug.xcconfig"; path = "Target Support Files/Pods-Colombia-ColombiaUITests/Pods-Colombia-ColombiaUITests.debug.xcconfig"; sourceTree = "<group>"; };
		1603500A0C41435FA7D989FB /* WorksIndexViewController.xib */ = {isa = PBXFileReference; lastKnownFileType = file.xib; path = WorksIndexViewController.xib; sourceTree = "<group>"; };
		17837F9BC07E9A7D5AE47417 /* ColombiaTests.swift */ = {isa = PBXFileReference; lastKnownFileType = sourcecode.swift; path = ColombiaTests.swift; sourceTree = "<group>"; };
		220507F7800136B1FE2B204C /* ColombiaTests.xctest */ = {isa = PBXFileReference; includeInIndex = 0; lastKnownFileType = wrapper.cfbundle; path = ColombiaTests.xctest; sourceTree = BUILT_PRODUCTS_DIR; };
		24FA4628AFEF89B344534953 /* ColombiaUITests.xctest */ = {isa = PBXFileReference; includeInIndex = 0; lastKnownFileType = wrapper.cfbundle; path = ColombiaUITests.xctest; sourceTree = BUILT_PRODUCTS_DIR; };
		275E10E3AB5F6200A8B83176 /* APIClient.swift */ = {isa = PBXFileReference; lastKnownFileType = sourcecode.swift; path = APIClient.swift; sourceTree = "<group>"; };
		2AC457338C7AC5DDA4B5EED2 /* Info.plist */ = {isa = PBXFileReference; lastKnownFileType = text.plist; path = Info.plist; sourceTree = "<group>"; };
		2D38C841EAEB4C8C8942DDC5 /* Pods-Colombia-ColombiaUITests.release.xcconfig */ = {isa = PBXFileReference; includeInIndex = 1; lastKnownFileType = text.xcconfig; name = "Pods-Colombia-ColombiaUITests.release.xcconfig"; path = "Target Support Files/Pods-Colombia-ColombiaUITests/Pods-Colombia-ColombiaUITests.release.xcconfig"; sourceTree = "<group>"; };
		2D66099750A325FDCD6E9C98 /* ルフィ.jpeg */ = {isa = PBXFileReference; lastKnownFileType = image.jpeg; path = "ルフィ.jpeg"; sourceTree = "<group>"; };
		2E3953B77514F9D678829523 /* Pods_Colombia_ColombiaUITests.framework */ = {isa = PBXFileReference; explicitFileType = wrapper.framework; includeInIndex = 0; path = Pods_Colombia_ColombiaUITests.framework; sourceTree = BUILT_PRODUCTS_DIR; };
		30B9E9A5728B2D2281BAE798 /* Pods-Colombia.release.xcconfig */ = {isa = PBXFileReference; includeInIndex = 1; lastKnownFileType = text.xcconfig; name = "Pods-Colombia.release.xcconfig"; path = "Target Support Files/Pods-Colombia/Pods-Colombia.release.xcconfig"; sourceTree = "<group>"; };
		3317A14881E7E2B3CBD0D198 /* Pods_ColombiaTests.framework */ = {isa = PBXFileReference; explicitFileType = wrapper.framework; includeInIndex = 0; path = Pods_ColombiaTests.framework; sourceTree = BUILT_PRODUCTS_DIR; };
		6338A607BABC923D9C6E5445 /* AccessToken.plist */ = {isa = PBXFileReference; lastKnownFileType = text.plist; path = AccessToken.plist; sourceTree = "<group>"; };
		662095422EDFF3AD72DC9DA3 /* Pods_Colombia.framework */ = {isa = PBXFileReference; explicitFileType = wrapper.framework; includeInIndex = 0; path = Pods_Colombia.framework; sourceTree = BUILT_PRODUCTS_DIR; };
		7336B3FCA1151D6492C4466C /* Requestable.swift */ = {isa = PBXFileReference; lastKnownFileType = sourcecode.swift; path = Requestable.swift; sourceTree = "<group>"; };
		751134281A69969038326C6F /* WorksDetailViewController.swift */ = {isa = PBXFileReference; lastKnownFileType = sourcecode.swift; path = WorksDetailViewController.swift; sourceTree = "<group>"; };
		8D634103434E78D673B58B60 /* WorksIndexTabViewController.xib */ = {isa = PBXFileReference; lastKnownFileType = file.xib; path = WorksIndexTabViewController.xib; sourceTree = "<group>"; };
		8FBD65DAC157AAC2832332BF /* Colombia.app */ = {isa = PBXFileReference; includeInIndex = 0; lastKnownFileType = wrapper.application; path = Colombia.app; sourceTree = BUILT_PRODUCTS_DIR; };
		9F05BAEF36D2E2179D696B8A /* Base */ = {isa = PBXFileReference; lastKnownFileType = file.storyboard; name = Base; path = Base.lproj/LaunchScreen.storyboard; sourceTree = "<group>"; };
		AF357C62018861929B735FD2 /* WorksIndexViewController.swift */ = {isa = PBXFileReference; lastKnownFileType = sourcecode.swift; path = WorksIndexViewController.swift; sourceTree = "<group>"; };
		B0E25576FAB23E938A04FF30 /* AnnictDataRepository.swift */ = {isa = PBXFileReference; lastKnownFileType = sourcecode.swift; path = AnnictDataRepository.swift; sourceTree = "<group>"; };
		C3E1870D22EAB06757E1BA72 /* WorksIndexTabViewController.swift */ = {isa = PBXFileReference; lastKnownFileType = sourcecode.swift; path = WorksIndexTabViewController.swift; sourceTree = "<group>"; };
		C6A74D697AFD2FD7A1989956 /* WorksDetailViewController.xib */ = {isa = PBXFileReference; lastKnownFileType = file.xib; path = WorksDetailViewController.xib; sourceTree = "<group>"; };
		CDB237A6B3873EB2780E3A7C /* SceneDelegate.swift */ = {isa = PBXFileReference; lastKnownFileType = sourcecode.swift; path = SceneDelegate.swift; sourceTree = "<group>"; };
		D06E6B1E08178BD0D6137DAB /* ColombiaUITests.swift */ = {isa = PBXFileReference; lastKnownFileType = sourcecode.swift; path = ColombiaUITests.swift; sourceTree = "<group>"; };
		D14054AA047AFD4E6246B5A8 /* AnnictAPIModel.swift */ = {isa = PBXFileReference; lastKnownFileType = sourcecode.swift; path = AnnictAPIModel.swift; sourceTree = "<group>"; };
		D64E1E590A313CEDA3D5BF9E /* AppDelegate.swift */ = {isa = PBXFileReference; lastKnownFileType = sourcecode.swift; path = AppDelegate.swift; sourceTree = "<group>"; };
		D704B0346EFF7E7731B0F38F /* WorksIndexCollectionViewCell.swift */ = {isa = PBXFileReference; lastKnownFileType = sourcecode.swift; path = WorksIndexCollectionViewCell.swift; sourceTree = "<group>"; };
		E6DB04652797425D73C8FEBF /* Pods-ColombiaTests.release.xcconfig */ = {isa = PBXFileReference; includeInIndex = 1; lastKnownFileType = text.xcconfig; name = "Pods-ColombiaTests.release.xcconfig"; path = "Target Support Files/Pods-ColombiaTests/Pods-ColombiaTests.release.xcconfig"; sourceTree = "<group>"; };
		E7B1C7A53952B0EE494E13BC /* UIView+Extension.swift */ = {isa = PBXFileReference; lastKnownFileType = sourcecode.swift; path = "UIView+Extension.swift"; sourceTree = "<group>"; };
		E982384B98B3E5C006CFBA43 /* Info.plist */ = {isa = PBXFileReference; lastKnownFileType = text.plist; path = Info.plist; sourceTree = "<group>"; };
		F3102B675D1C329A36E7D5BB /* Info.plist */ = {isa = PBXFileReference; lastKnownFileType = text.plist; path = Info.plist; sourceTree = "<group>"; };
		F7343BA35EAD1E0B36ACB2BE /* Assets.xcassets */ = {isa = PBXFileReference; lastKnownFileType = folder.assetcatalog; path = Assets.xcassets; sourceTree = "<group>"; };
/* End PBXFileReference section */

/* Begin PBXFrameworksBuildPhase section */
		061E139B2437635CF2688C79 /* Frameworks */ = {
			isa = PBXFrameworksBuildPhase;
			buildActionMask = 2147483647;
			files = (
				74DD44ECD04CC8FAF4AAFB2E /* Pods_Colombia_ColombiaUITests.framework in Frameworks */,
			);
			runOnlyForDeploymentPostprocessing = 0;
		};
		06A1DEB2FE586EC70A0A9C39 /* Frameworks */ = {
			isa = PBXFrameworksBuildPhase;
			buildActionMask = 2147483647;
			files = (
				7842B68FC018A82367E013F2 /* Pods_Colombia.framework in Frameworks */,
			);
			runOnlyForDeploymentPostprocessing = 0;
		};
		AB3B9263F1005C5067BE9F05 /* Frameworks */ = {
			isa = PBXFrameworksBuildPhase;
			buildActionMask = 2147483647;
			files = (
				B2F02C42A49F8A4326D84D7F /* Pods_ColombiaTests.framework in Frameworks */,
			);
			runOnlyForDeploymentPostprocessing = 0;
		};
/* End PBXFrameworksBuildPhase section */

/* Begin PBXGroup section */
		07DFC64760D8374E6537DB69 /* Products */ = {
			isa = PBXGroup;
			children = (
				8FBD65DAC157AAC2832332BF /* Colombia.app */,
				220507F7800136B1FE2B204C /* ColombiaTests.xctest */,
				24FA4628AFEF89B344534953 /* ColombiaUITests.xctest */,
			);
			name = Products;
			sourceTree = "<group>";
		};
		095AF92C1B2CA446CD0A34E9 /* Pods */ = {
			isa = PBXGroup;
			children = (
				06125A52CA4694CC51E94525 /* Pods-Colombia.debug.xcconfig */,
				30B9E9A5728B2D2281BAE798 /* Pods-Colombia.release.xcconfig */,
				1422C963897FEDD5AFF9CAA2 /* Pods-Colombia-ColombiaUITests.debug.xcconfig */,
				2D38C841EAEB4C8C8942DDC5 /* Pods-Colombia-ColombiaUITests.release.xcconfig */,
				02880D210A3832571E30DE18 /* Pods-ColombiaTests.debug.xcconfig */,
				E6DB04652797425D73C8FEBF /* Pods-ColombiaTests.release.xcconfig */,
			);
			name = Pods;
			path = Pods;
			sourceTree = "<group>";
		};
		1B926459088C75FC1B9C8956 /* APIClient */ = {
			isa = PBXGroup;
			children = (
				0D7E57FF9AF3188723769471 /* AnnictAPIRequest.swift */,
				275E10E3AB5F6200A8B83176 /* APIClient.swift */,
				7336B3FCA1151D6492C4466C /* Requestable.swift */,
			);
			path = APIClient;
			sourceTree = "<group>";
		};
		2123921EAAFC905244321C8E /* ColombiaUITests */ = {
			isa = PBXGroup;
			children = (
				D06E6B1E08178BD0D6137DAB /* ColombiaUITests.swift */,
				E982384B98B3E5C006CFBA43 /* Info.plist */,
			);
			path = ColombiaUITests;
			sourceTree = "<group>";
		};
		3BA68B7650675098EB658143 /* Model */ = {
			isa = PBXGroup;
			children = (
				D14054AA047AFD4E6246B5A8 /* AnnictAPIModel.swift */,
			);
			path = Model;
			sourceTree = "<group>";
		};
		55F65FAAC0B975F0084B5F47 /* Resources */ = {
			isa = PBXGroup;
			children = (
				6338A607BABC923D9C6E5445 /* AccessToken.plist */,
				F7343BA35EAD1E0B36ACB2BE /* Assets.xcassets */,
				F3102B675D1C329A36E7D5BB /* Info.plist */,
				36DE0DE81151A17E5A38B599 /* LaunchScreen.storyboard */,
			);
			path = Resources;
			sourceTree = "<group>";
		};
		5E3196DD35C543137F804E32 /* View */ = {
			isa = PBXGroup;
			children = (
				D704B0346EFF7E7731B0F38F /* WorksIndexCollectionViewCell.swift */,
				07AC1B0338921FF8AE17E7C9 /* WorksIndexCollectionViewCell.xib */,
			);
			path = View;
			sourceTree = "<group>";
		};
		5F6310DA01BB4337A5D1F47A /* Detail */ = {
			isa = PBXGroup;
			children = (
				751134281A69969038326C6F /* WorksDetailViewController.swift */,
				C6A74D697AFD2FD7A1989956 /* WorksDetailViewController.xib */,
			);
			path = Detail;
			sourceTree = "<group>";
		};
		85F174F42B887C69568AA459 /* Frameworks */ = {
			isa = PBXGroup;
			children = (
				662095422EDFF3AD72DC9DA3 /* Pods_Colombia.framework */,
				2E3953B77514F9D678829523 /* Pods_Colombia_ColombiaUITests.framework */,
				3317A14881E7E2B3CBD0D198 /* Pods_ColombiaTests.framework */,
			);
			name = Frameworks;
			sourceTree = "<group>";
		};
		87075567F866239C12F4B458 /* Home */ = {
			isa = PBXGroup;
			children = (
				C3E1870D22EAB06757E1BA72 /* WorksIndexTabViewController.swift */,
				8D634103434E78D673B58B60 /* WorksIndexTabViewController.xib */,
				AF357C62018861929B735FD2 /* WorksIndexViewController.swift */,
				1603500A0C41435FA7D989FB /* WorksIndexViewController.xib */,
			);
			path = Home;
			sourceTree = "<group>";
		};
		885E26A22D673FE7B536FCB1 /* Assets */ = {
			isa = PBXGroup;
			children = (
				DFC42DFF22C936DD8A04C53B /* Image */,
			);
			path = Assets;
			sourceTree = "<group>";
		};
		A3323830705EF81B0C297FAF /* ColombiaTests */ = {
			isa = PBXGroup;
			children = (
				17837F9BC07E9A7D5AE47417 /* ColombiaTests.swift */,
				2AC457338C7AC5DDA4B5EED2 /* Info.plist */,
			);
			path = ColombiaTests;
			sourceTree = "<group>";
		};
		A94CB69E57542205AB7E3917 /* Colombia */ = {
			isa = PBXGroup;
			children = (
				0AB139C13B99AB2627FB1EAB /* Info.plist */,
				55F65FAAC0B975F0084B5F47 /* Resources */,
				B74003CEF5C5D81D6C4FE069 /* Sources */,
			);
			path = Colombia;
			sourceTree = "<group>";
		};
		B74003CEF5C5D81D6C4FE069 /* Sources */ = {
			isa = PBXGroup;
			children = (
				D64E1E590A313CEDA3D5BF9E /* AppDelegate.swift */,
				CDB237A6B3873EB2780E3A7C /* SceneDelegate.swift */,
				1B926459088C75FC1B9C8956 /* APIClient */,
				885E26A22D673FE7B536FCB1 /* Assets */,
				5F6310DA01BB4337A5D1F47A /* Detail */,
				EEAC9CFB97B5217F6AFDD874 /* Extension */,
				87075567F866239C12F4B458 /* Home */,
				3BA68B7650675098EB658143 /* Model */,
				DD1C25DE0B26528E1848FBEE /* Repository */,
				5E3196DD35C543137F804E32 /* View */,
			);
			path = Sources;
			sourceTree = "<group>";
		};
		CD473065AE40F9A95C6C3A02 = {
			isa = PBXGroup;
			children = (
				A94CB69E57542205AB7E3917 /* Colombia */,
				A3323830705EF81B0C297FAF /* ColombiaTests */,
				2123921EAAFC905244321C8E /* ColombiaUITests */,
				07DFC64760D8374E6537DB69 /* Products */,
				095AF92C1B2CA446CD0A34E9 /* Pods */,
				85F174F42B887C69568AA459 /* Frameworks */,
			);
			sourceTree = "<group>";
		};
		DD1C25DE0B26528E1848FBEE /* Repository */ = {
			isa = PBXGroup;
			children = (
				B0E25576FAB23E938A04FF30 /* AnnictDataRepository.swift */,
			);
			path = Repository;
			sourceTree = "<group>";
		};
		DFC42DFF22C936DD8A04C53B /* Image */ = {
			isa = PBXGroup;
			children = (
				2D66099750A325FDCD6E9C98 /* ルフィ.jpeg */,
			);
			path = Image;
			sourceTree = "<group>";
		};
		EEAC9CFB97B5217F6AFDD874 /* Extension */ = {
			isa = PBXGroup;
			children = (
				E7B1C7A53952B0EE494E13BC /* UIView+Extension.swift */,
			);
			path = Extension;
			sourceTree = "<group>";
		};
/* End PBXGroup section */

/* Begin PBXNativeTarget section */
		4348C6565CDE794794487CE4 /* ColombiaUITests */ = {
			isa = PBXNativeTarget;
			buildConfigurationList = 64553B875B8C9C62BBEF38F1 /* Build configuration list for PBXNativeTarget "ColombiaUITests" */;
			buildPhases = (
				60DFA3BD0F07EADD9349D99D /* [CP] Check Pods Manifest.lock */,
				5EAF522EE034E1797A1A6BF8 /* Sources */,
				061E139B2437635CF2688C79 /* Frameworks */,
				538D4D0D860863211773714A /* [CP] Embed Pods Frameworks */,
			);
			buildRules = (
			);
			dependencies = (
				27E5C18CA1900705854A0668 /* PBXTargetDependency */,
			);
			name = ColombiaUITests;
			productName = ColombiaUITests;
			productReference = 24FA4628AFEF89B344534953 /* ColombiaUITests.xctest */;
			productType = "com.apple.product-type.bundle.ui-testing";
		};
		DD69A52CAEFAD6C36F26A4EF /* ColombiaTests */ = {
			isa = PBXNativeTarget;
			buildConfigurationList = 314CC5BF34F6D12E988E5B8B /* Build configuration list for PBXNativeTarget "ColombiaTests" */;
			buildPhases = (
				A5301B94FDFE70A62F9EF8D4 /* [CP] Check Pods Manifest.lock */,
				135AEE81E94F92A008A3B897 /* Sources */,
				AB3B9263F1005C5067BE9F05 /* Frameworks */,
			);
			buildRules = (
			);
			dependencies = (
				FB4091C48180FE1AE344C340 /* PBXTargetDependency */,
			);
			name = ColombiaTests;
			productName = ColombiaTests;
			productReference = 220507F7800136B1FE2B204C /* ColombiaTests.xctest */;
			productType = "com.apple.product-type.bundle.unit-test";
		};
		E4ABF31FF1B871BB9E9CD104 /* Colombia */ = {
			isa = PBXNativeTarget;
			buildConfigurationList = FC9B85490642A85AA40A312A /* Build configuration list for PBXNativeTarget "Colombia" */;
			buildPhases = (
				32C62E6B243DA78EF2416EDE /* [CP] Check Pods Manifest.lock */,
				5E0664AA388148CFB1A3942B /* Sources */,
				D87307AA58DEC72738FCAE7E /* Resources */,
				06A1DEB2FE586EC70A0A9C39 /* Frameworks */,
				D35B8965DB8F4B2F26BDF3B3 /* [CP] Embed Pods Frameworks */,
			);
			buildRules = (
			);
			dependencies = (
			);
			name = Colombia;
			productName = Colombia;
			productReference = 8FBD65DAC157AAC2832332BF /* Colombia.app */;
			productType = "com.apple.product-type.application";
		};
/* End PBXNativeTarget section */

/* Begin PBXProject section */
		79009183713619377EBA9317 /* Project object */ = {
			isa = PBXProject;
			attributes = {
				LastUpgradeCheck = 1200;
				TargetAttributes = {
					4348C6565CDE794794487CE4 = {
						TestTargetID = E4ABF31FF1B871BB9E9CD104;
					};
				};
			};
			buildConfigurationList = 86955313A0ACDE7AE89CEA1E /* Build configuration list for PBXProject "Colombia" */;
			compatibilityVersion = "Xcode 10.0";
			developmentRegion = en;
			hasScannedForEncodings = 0;
			knownRegions = (
				Base,
				en,
			);
			mainGroup = CD473065AE40F9A95C6C3A02;
			productRefGroup = 07DFC64760D8374E6537DB69 /* Products */;
			projectDirPath = "";
			projectRoot = "";
			targets = (
				E4ABF31FF1B871BB9E9CD104 /* Colombia */,
				DD69A52CAEFAD6C36F26A4EF /* ColombiaTests */,
				4348C6565CDE794794487CE4 /* ColombiaUITests */,
			);
		};
/* End PBXProject section */

/* Begin PBXResourcesBuildPhase section */
		D87307AA58DEC72738FCAE7E /* Resources */ = {
			isa = PBXResourcesBuildPhase;
			buildActionMask = 2147483647;
			files = (
				5585B8E5AD5FA4C583A12DE9 /* AccessToken.plist in Resources */,
				A6C697FBA5FD65B69D31CF68 /* Assets.xcassets in Resources */,
				AD0B62603191B1C92652C9F7 /* LaunchScreen.storyboard in Resources */,
				188624475355F036D7107F26 /* WorksDetailViewController.xib in Resources */,
				AE80A294F9840FD91ED1F37F /* WorksIndexCollectionViewCell.xib in Resources */,
				EC77E8C724F7E35E6E90BD82 /* WorksIndexTabViewController.xib in Resources */,
				AEA31DA58D92D5EDBB157FA7 /* WorksIndexViewController.xib in Resources */,
				1BE2EE72D4FD89ACABEDCFB7 /* ルフィ.jpeg in Resources */,
			);
			runOnlyForDeploymentPostprocessing = 0;
		};
/* End PBXResourcesBuildPhase section */

/* Begin PBXShellScriptBuildPhase section */
		32C62E6B243DA78EF2416EDE /* [CP] Check Pods Manifest.lock */ = {
			isa = PBXShellScriptBuildPhase;
			buildActionMask = 2147483647;
			files = (
			);
			inputFileListPaths = (
			);
			inputPaths = (
				"${PODS_PODFILE_DIR_PATH}/Podfile.lock",
				"${PODS_ROOT}/Manifest.lock",
			);
			name = "[CP] Check Pods Manifest.lock";
			outputFileListPaths = (
			);
			outputPaths = (
				"$(DERIVED_FILE_DIR)/Pods-Colombia-checkManifestLockResult.txt",
			);
			runOnlyForDeploymentPostprocessing = 0;
			shellPath = /bin/sh;
			shellScript = "diff \"${PODS_PODFILE_DIR_PATH}/Podfile.lock\" \"${PODS_ROOT}/Manifest.lock\" > /dev/null\nif [ $? != 0 ] ; then\n    # print error to STDERR\n    echo \"error: The sandbox is not in sync with the Podfile.lock. Run 'pod install' or update your CocoaPods installation.\" >&2\n    exit 1\nfi\n# This output is used by Xcode 'outputs' to avoid re-running this script phase.\necho \"SUCCESS\" > \"${SCRIPT_OUTPUT_FILE_0}\"\n";
			showEnvVarsInLog = 0;
		};
		538D4D0D860863211773714A /* [CP] Embed Pods Frameworks */ = {
			isa = PBXShellScriptBuildPhase;
			buildActionMask = 2147483647;
			files = (
			);
			inputFileListPaths = (
				"${PODS_ROOT}/Target Support Files/Pods-Colombia-ColombiaUITests/Pods-Colombia-ColombiaUITests-frameworks-${CONFIGURATION}-input-files.xcfilelist",
			);
			name = "[CP] Embed Pods Frameworks";
			outputFileListPaths = (
				"${PODS_ROOT}/Target Support Files/Pods-Colombia-ColombiaUITests/Pods-Colombia-ColombiaUITests-frameworks-${CONFIGURATION}-output-files.xcfilelist",
			);
			runOnlyForDeploymentPostprocessing = 0;
			shellPath = /bin/sh;
			shellScript = "\"${PODS_ROOT}/Target Support Files/Pods-Colombia-ColombiaUITests/Pods-Colombia-ColombiaUITests-frameworks.sh\"\n";
			showEnvVarsInLog = 0;
		};
		60DFA3BD0F07EADD9349D99D /* [CP] Check Pods Manifest.lock */ = {
			isa = PBXShellScriptBuildPhase;
			buildActionMask = 2147483647;
			files = (
			);
			inputFileListPaths = (
			);
			inputPaths = (
				"${PODS_PODFILE_DIR_PATH}/Podfile.lock",
				"${PODS_ROOT}/Manifest.lock",
			);
			name = "[CP] Check Pods Manifest.lock";
			outputFileListPaths = (
			);
			outputPaths = (
				"$(DERIVED_FILE_DIR)/Pods-Colombia-ColombiaUITests-checkManifestLockResult.txt",
			);
			runOnlyForDeploymentPostprocessing = 0;
			shellPath = /bin/sh;
			shellScript = "diff \"${PODS_PODFILE_DIR_PATH}/Podfile.lock\" \"${PODS_ROOT}/Manifest.lock\" > /dev/null\nif [ $? != 0 ] ; then\n    # print error to STDERR\n    echo \"error: The sandbox is not in sync with the Podfile.lock. Run 'pod install' or update your CocoaPods installation.\" >&2\n    exit 1\nfi\n# This output is used by Xcode 'outputs' to avoid re-running this script phase.\necho \"SUCCESS\" > \"${SCRIPT_OUTPUT_FILE_0}\"\n";
			showEnvVarsInLog = 0;
		};
		A5301B94FDFE70A62F9EF8D4 /* [CP] Check Pods Manifest.lock */ = {
			isa = PBXShellScriptBuildPhase;
			buildActionMask = 2147483647;
			files = (
			);
			inputFileListPaths = (
			);
			inputPaths = (
				"${PODS_PODFILE_DIR_PATH}/Podfile.lock",
				"${PODS_ROOT}/Manifest.lock",
			);
			name = "[CP] Check Pods Manifest.lock";
			outputFileListPaths = (
			);
			outputPaths = (
				"$(DERIVED_FILE_DIR)/Pods-ColombiaTests-checkManifestLockResult.txt",
			);
			runOnlyForDeploymentPostprocessing = 0;
			shellPath = /bin/sh;
			shellScript = "diff \"${PODS_PODFILE_DIR_PATH}/Podfile.lock\" \"${PODS_ROOT}/Manifest.lock\" > /dev/null\nif [ $? != 0 ] ; then\n    # print error to STDERR\n    echo \"error: The sandbox is not in sync with the Podfile.lock. Run 'pod install' or update your CocoaPods installation.\" >&2\n    exit 1\nfi\n# This output is used by Xcode 'outputs' to avoid re-running this script phase.\necho \"SUCCESS\" > \"${SCRIPT_OUTPUT_FILE_0}\"\n";
			showEnvVarsInLog = 0;
		};
		D35B8965DB8F4B2F26BDF3B3 /* [CP] Embed Pods Frameworks */ = {
			isa = PBXShellScriptBuildPhase;
			buildActionMask = 2147483647;
			files = (
			);
			inputFileListPaths = (
				"${PODS_ROOT}/Target Support Files/Pods-Colombia/Pods-Colombia-frameworks-${CONFIGURATION}-input-files.xcfilelist",
			);
			name = "[CP] Embed Pods Frameworks";
			outputFileListPaths = (
				"${PODS_ROOT}/Target Support Files/Pods-Colombia/Pods-Colombia-frameworks-${CONFIGURATION}-output-files.xcfilelist",
			);
			runOnlyForDeploymentPostprocessing = 0;
			shellPath = /bin/sh;
			shellScript = "\"${PODS_ROOT}/Target Support Files/Pods-Colombia/Pods-Colombia-frameworks.sh\"\n";
			showEnvVarsInLog = 0;
		};
/* End PBXShellScriptBuildPhase section */

/* Begin PBXSourcesBuildPhase section */
		135AEE81E94F92A008A3B897 /* Sources */ = {
			isa = PBXSourcesBuildPhase;
			buildActionMask = 2147483647;
			files = (
				9E0FA65E39025A653C05F220 /* ColombiaTests.swift in Sources */,
			);
			runOnlyForDeploymentPostprocessing = 0;
		};
		5E0664AA388148CFB1A3942B /* Sources */ = {
			isa = PBXSourcesBuildPhase;
			buildActionMask = 2147483647;
			files = (
				39D52275EEDCE24DCE5CA64C /* APIClient.swift in Sources */,
				B2F29FA3751F0F98D7BCD0C2 /* AnnictAPIModel.swift in Sources */,
				EB0C10E1340ED0428438DFBA /* AnnictAPIRequest.swift in Sources */,
				46994B86A114995CF4CB2674 /* AnnictDataRepository.swift in Sources */,
				AADFD8BB21554BDD665AC39A /* AppDelegate.swift in Sources */,
				62905DF18C18B20E0D2A97E9 /* Requestable.swift in Sources */,
				6FE9BBC94BADAA107DDC08AE /* SceneDelegate.swift in Sources */,
				0CB12499E29231598447E761 /* UIView+Extension.swift in Sources */,
				D0512EA1D59069AE99FACFA0 /* WorksDetailViewController.swift in Sources */,
				CDABCE018671DF25C146CA79 /* WorksIndexCollectionViewCell.swift in Sources */,
				208ED95228E9FD70DDDAFFCC /* WorksIndexTabViewController.swift in Sources */,
				E8FC58DCB1A8CEDBDE99E922 /* WorksIndexViewController.swift in Sources */,
			);
			runOnlyForDeploymentPostprocessing = 0;
		};
		5EAF522EE034E1797A1A6BF8 /* Sources */ = {
			isa = PBXSourcesBuildPhase;
			buildActionMask = 2147483647;
			files = (
				64C983F19839E215D356C6BE /* ColombiaUITests.swift in Sources */,
			);
			runOnlyForDeploymentPostprocessing = 0;
		};
/* End PBXSourcesBuildPhase section */

/* Begin PBXTargetDependency section */
		27E5C18CA1900705854A0668 /* PBXTargetDependency */ = {
			isa = PBXTargetDependency;
			target = E4ABF31FF1B871BB9E9CD104 /* Colombia */;
			targetProxy = 27D35BC11C7AF80D028CF591 /* PBXContainerItemProxy */;
		};
		FB4091C48180FE1AE344C340 /* PBXTargetDependency */ = {
			isa = PBXTargetDependency;
			target = E4ABF31FF1B871BB9E9CD104 /* Colombia */;
			targetProxy = E306B11D179539BD461C8CC2 /* PBXContainerItemProxy */;
		};
/* End PBXTargetDependency section */

/* Begin PBXVariantGroup section */
		36DE0DE81151A17E5A38B599 /* LaunchScreen.storyboard */ = {
			isa = PBXVariantGroup;
			children = (
				9F05BAEF36D2E2179D696B8A /* Base */,
			);
			name = LaunchScreen.storyboard;
			sourceTree = "<group>";
		};
/* End PBXVariantGroup section */

/* Begin XCBuildConfiguration section */
		016D08AEE0E48B4CA59C139E /* Release */ = {
			isa = XCBuildConfiguration;
			buildSettings = {
				ALWAYS_SEARCH_USER_PATHS = NO;
				CLANG_ANALYZER_NONNULL = YES;
				CLANG_ANALYZER_NUMBER_OBJECT_CONVERSION = YES_AGGRESSIVE;
				CLANG_CXX_LANGUAGE_STANDARD = "gnu++14";
				CLANG_CXX_LIBRARY = "libc++";
				CLANG_ENABLE_MODULES = YES;
				CLANG_ENABLE_OBJC_ARC = YES;
				CLANG_ENABLE_OBJC_WEAK = YES;
				CLANG_WARN_BLOCK_CAPTURE_AUTORELEASING = YES;
				CLANG_WARN_BOOL_CONVERSION = YES;
				CLANG_WARN_COMMA = YES;
				CLANG_WARN_CONSTANT_CONVERSION = YES;
				CLANG_WARN_DEPRECATED_OBJC_IMPLEMENTATIONS = YES;
				CLANG_WARN_DIRECT_OBJC_ISA_USAGE = YES_ERROR;
				CLANG_WARN_DOCUMENTATION_COMMENTS = YES;
				CLANG_WARN_EMPTY_BODY = YES;
				CLANG_WARN_ENUM_CONVERSION = YES;
				CLANG_WARN_INFINITE_RECURSION = YES;
				CLANG_WARN_INT_CONVERSION = YES;
				CLANG_WARN_NON_LITERAL_NULL_CONVERSION = YES;
				CLANG_WARN_OBJC_IMPLICIT_RETAIN_SELF = YES;
				CLANG_WARN_OBJC_LITERAL_CONVERSION = YES;
				CLANG_WARN_OBJC_ROOT_CLASS = YES_ERROR;
				CLANG_WARN_QUOTED_INCLUDE_IN_FRAMEWORK_HEADER = YES;
				CLANG_WARN_RANGE_LOOP_ANALYSIS = YES;
				CLANG_WARN_STRICT_PROTOTYPES = YES;
				CLANG_WARN_SUSPICIOUS_MOVE = YES;
				CLANG_WARN_UNGUARDED_AVAILABILITY = YES_AGGRESSIVE;
				CLANG_WARN_UNREACHABLE_CODE = YES;
				CLANG_WARN__DUPLICATE_METHOD_MATCH = YES;
				COPY_PHASE_STRIP = NO;
				DEBUG_INFORMATION_FORMAT = "dwarf-with-dsym";
				ENABLE_NS_ASSERTIONS = NO;
				ENABLE_STRICT_OBJC_MSGSEND = YES;
				GCC_C_LANGUAGE_STANDARD = gnu11;
				GCC_NO_COMMON_BLOCKS = YES;
				GCC_WARN_64_TO_32_BIT_CONVERSION = YES;
				GCC_WARN_ABOUT_RETURN_TYPE = YES_ERROR;
				GCC_WARN_UNDECLARED_SELECTOR = YES;
				GCC_WARN_UNINITIALIZED_AUTOS = YES_AGGRESSIVE;
				GCC_WARN_UNUSED_FUNCTION = YES;
				GCC_WARN_UNUSED_VARIABLE = YES;
				MTL_ENABLE_DEBUG_INFO = NO;
				MTL_FAST_MATH = YES;
				PRODUCT_NAME = "$(TARGET_NAME)";
				SDKROOT = iphoneos;
				SWIFT_COMPILATION_MODE = wholemodule;
				SWIFT_OPTIMIZATION_LEVEL = "-O";
				SWIFT_VERSION = 5.0;
			};
			name = Release;
		};
		32FB25E35791486A2C1EE3E4 /* Release */ = {
			isa = XCBuildConfiguration;
			baseConfigurationReference = 2D38C841EAEB4C8C8942DDC5 /* Pods-Colombia-ColombiaUITests.release.xcconfig */;
			buildSettings = {
				BUNDLE_LOADER = "$(TEST_HOST)";
				INFOPLIST_FILE = ColombiaUITests/Info.plist;
				IPHONEOS_DEPLOYMENT_TARGET = 13.0;
				LD_RUNPATH_SEARCH_PATHS = (
					"$(inherited)",
					"@executable_path/Frameworks",
					"@loader_path/Frameworks",
				);
				SDKROOT = iphoneos;
				TARGETED_DEVICE_FAMILY = "1,2";
				TEST_TARGET_NAME = Colombia;
			};
			name = Release;
		};
		39A6F28AC861B01C97F653A2 /* Debug */ = {
			isa = XCBuildConfiguration;
			baseConfigurationReference = 06125A52CA4694CC51E94525 /* Pods-Colombia.debug.xcconfig */;
			buildSettings = {
				ASSETCATALOG_COMPILER_APPICON_NAME = AppIcon;
				CODE_SIGN_IDENTITY = "iPhone Developer";
				INFOPLIST_FILE = Colombia/Resources/Info.plist;
				IPHONEOS_DEPLOYMENT_TARGET = 13.0;
				LD_RUNPATH_SEARCH_PATHS = (
					"$(inherited)",
					"@executable_path/Frameworks",
				);
				PRODUCT_BUNDLE_IDENTIFIER = CTAColombia.Colombia;
				SDKROOT = iphoneos;
				TARGETED_DEVICE_FAMILY = "1,2";
			};
			name = Debug;
		};
		4AD63EE2D943435F1697CCB2 /* Release */ = {
			isa = XCBuildConfiguration;
			baseConfigurationReference = 30B9E9A5728B2D2281BAE798 /* Pods-Colombia.release.xcconfig */;
			buildSettings = {
				ASSETCATALOG_COMPILER_APPICON_NAME = AppIcon;
				CODE_SIGN_IDENTITY = "iPhone Developer";
				INFOPLIST_FILE = Colombia/Resources/Info.plist;
				IPHONEOS_DEPLOYMENT_TARGET = 13.0;
				LD_RUNPATH_SEARCH_PATHS = (
					"$(inherited)",
					"@executable_path/Frameworks",
				);
				PRODUCT_BUNDLE_IDENTIFIER = CTAColombia.Colombia;
				SDKROOT = iphoneos;
				TARGETED_DEVICE_FAMILY = "1,2";
			};
			name = Release;
		};
		B02A255EA43800015127481C /* Debug */ = {
			isa = XCBuildConfiguration;
			baseConfigurationReference = 1422C963897FEDD5AFF9CAA2 /* Pods-Colombia-ColombiaUITests.debug.xcconfig */;
			buildSettings = {
				BUNDLE_LOADER = "$(TEST_HOST)";
				INFOPLIST_FILE = ColombiaUITests/Info.plist;
				IPHONEOS_DEPLOYMENT_TARGET = 13.0;
				LD_RUNPATH_SEARCH_PATHS = (
					"$(inherited)",
					"@executable_path/Frameworks",
					"@loader_path/Frameworks",
				);
				SDKROOT = iphoneos;
				TARGETED_DEVICE_FAMILY = "1,2";
				TEST_TARGET_NAME = Colombia;
			};
			name = Debug;
		};
		E309628E02DEC265BA7296DD /* Debug */ = {
			isa = XCBuildConfiguration;
			buildSettings = {
				ALWAYS_SEARCH_USER_PATHS = NO;
				CLANG_ANALYZER_NONNULL = YES;
				CLANG_ANALYZER_NUMBER_OBJECT_CONVERSION = YES_AGGRESSIVE;
				CLANG_CXX_LANGUAGE_STANDARD = "gnu++14";
				CLANG_CXX_LIBRARY = "libc++";
				CLANG_ENABLE_MODULES = YES;
				CLANG_ENABLE_OBJC_ARC = YES;
				CLANG_ENABLE_OBJC_WEAK = YES;
				CLANG_WARN_BLOCK_CAPTURE_AUTORELEASING = YES;
				CLANG_WARN_BOOL_CONVERSION = YES;
				CLANG_WARN_COMMA = YES;
				CLANG_WARN_CONSTANT_CONVERSION = YES;
				CLANG_WARN_DEPRECATED_OBJC_IMPLEMENTATIONS = YES;
				CLANG_WARN_DIRECT_OBJC_ISA_USAGE = YES_ERROR;
				CLANG_WARN_DOCUMENTATION_COMMENTS = YES;
				CLANG_WARN_EMPTY_BODY = YES;
				CLANG_WARN_ENUM_CONVERSION = YES;
				CLANG_WARN_INFINITE_RECURSION = YES;
				CLANG_WARN_INT_CONVERSION = YES;
				CLANG_WARN_NON_LITERAL_NULL_CONVERSION = YES;
				CLANG_WARN_OBJC_IMPLICIT_RETAIN_SELF = YES;
				CLANG_WARN_OBJC_LITERAL_CONVERSION = YES;
				CLANG_WARN_OBJC_ROOT_CLASS = YES_ERROR;
				CLANG_WARN_QUOTED_INCLUDE_IN_FRAMEWORK_HEADER = YES;
				CLANG_WARN_RANGE_LOOP_ANALYSIS = YES;
				CLANG_WARN_STRICT_PROTOTYPES = YES;
				CLANG_WARN_SUSPICIOUS_MOVE = YES;
				CLANG_WARN_UNGUARDED_AVAILABILITY = YES_AGGRESSIVE;
				CLANG_WARN_UNREACHABLE_CODE = YES;
				CLANG_WARN__DUPLICATE_METHOD_MATCH = YES;
				COPY_PHASE_STRIP = NO;
				DEBUG_INFORMATION_FORMAT = dwarf;
				ENABLE_STRICT_OBJC_MSGSEND = YES;
				ENABLE_TESTABILITY = YES;
				GCC_C_LANGUAGE_STANDARD = gnu11;
				GCC_DYNAMIC_NO_PIC = NO;
				GCC_NO_COMMON_BLOCKS = YES;
				GCC_OPTIMIZATION_LEVEL = 0;
				GCC_PREPROCESSOR_DEFINITIONS = (
					"$(inherited)",
					"DEBUG=1",
				);
				GCC_WARN_64_TO_32_BIT_CONVERSION = YES;
				GCC_WARN_ABOUT_RETURN_TYPE = YES_ERROR;
				GCC_WARN_UNDECLARED_SELECTOR = YES;
				GCC_WARN_UNINITIALIZED_AUTOS = YES_AGGRESSIVE;
				GCC_WARN_UNUSED_FUNCTION = YES;
				GCC_WARN_UNUSED_VARIABLE = YES;
				MTL_ENABLE_DEBUG_INFO = INCLUDE_SOURCE;
				MTL_FAST_MATH = YES;
				ONLY_ACTIVE_ARCH = YES;
				PRODUCT_NAME = "$(TARGET_NAME)";
				SDKROOT = iphoneos;
				SWIFT_ACTIVE_COMPILATION_CONDITIONS = DEBUG;
				SWIFT_OPTIMIZATION_LEVEL = "-Onone";
				SWIFT_VERSION = 5.0;
			};
			name = Debug;
		};
		EEE48799D6EA3ECF8708B872 /* Debug */ = {
			isa = XCBuildConfiguration;
			baseConfigurationReference = 02880D210A3832571E30DE18 /* Pods-ColombiaTests.debug.xcconfig */;
			buildSettings = {
				BUNDLE_LOADER = "$(TEST_HOST)";
				INFOPLIST_FILE = ColombiaTests/Info.plist;
				IPHONEOS_DEPLOYMENT_TARGET = 13.0;
				LD_RUNPATH_SEARCH_PATHS = (
					"$(inherited)",
					"@executable_path/Frameworks",
					"@loader_path/Frameworks",
				);
				SDKROOT = iphoneos;
				TARGETED_DEVICE_FAMILY = "1,2";
				TEST_HOST = "$(BUILT_PRODUCTS_DIR)/Colombia.app/Colombia";
			};
			name = Debug;
		};
		F06FA8A4EA31607F49ECC17C /* Release */ = {
			isa = XCBuildConfiguration;
			baseConfigurationReference = E6DB04652797425D73C8FEBF /* Pods-ColombiaTests.release.xcconfig */;
			buildSettings = {
				BUNDLE_LOADER = "$(TEST_HOST)";
				INFOPLIST_FILE = ColombiaTests/Info.plist;
				IPHONEOS_DEPLOYMENT_TARGET = 13.0;
				LD_RUNPATH_SEARCH_PATHS = (
					"$(inherited)",
					"@executable_path/Frameworks",
					"@loader_path/Frameworks",
				);
				SDKROOT = iphoneos;
				TARGETED_DEVICE_FAMILY = "1,2";
				TEST_HOST = "$(BUILT_PRODUCTS_DIR)/Colombia.app/Colombia";
			};
			name = Release;
		};
/* End XCBuildConfiguration section */

/* Begin XCConfigurationList section */
		314CC5BF34F6D12E988E5B8B /* Build configuration list for PBXNativeTarget "ColombiaTests" */ = {
			isa = XCConfigurationList;
			buildConfigurations = (
				EEE48799D6EA3ECF8708B872 /* Debug */,
				F06FA8A4EA31607F49ECC17C /* Release */,
			);
			defaultConfigurationIsVisible = 0;
			defaultConfigurationName = Debug;
		};
		64553B875B8C9C62BBEF38F1 /* Build configuration list for PBXNativeTarget "ColombiaUITests" */ = {
			isa = XCConfigurationList;
			buildConfigurations = (
				B02A255EA43800015127481C /* Debug */,
				32FB25E35791486A2C1EE3E4 /* Release */,
			);
			defaultConfigurationIsVisible = 0;
			defaultConfigurationName = Debug;
		};
		86955313A0ACDE7AE89CEA1E /* Build configuration list for PBXProject "Colombia" */ = {
			isa = XCConfigurationList;
			buildConfigurations = (
				E309628E02DEC265BA7296DD /* Debug */,
				016D08AEE0E48B4CA59C139E /* Release */,
			);
			defaultConfigurationIsVisible = 0;
			defaultConfigurationName = Debug;
		};
		FC9B85490642A85AA40A312A /* Build configuration list for PBXNativeTarget "Colombia" */ = {
			isa = XCConfigurationList;
			buildConfigurations = (
				39A6F28AC861B01C97F653A2 /* Debug */,
				4AD63EE2D943435F1697CCB2 /* Release */,
			);
			defaultConfigurationIsVisible = 0;
			defaultConfigurationName = Debug;
		};
/* End XCConfigurationList section */
	};
	rootObject = 79009183713619377EBA9317 /* Project object */;
}
